// !$*UTF8*$!
{
	archiveVersion = 1;
	classes = {
	};
	objectVersion = 46;
	objects = {

/* Begin PBXBuildFile section */
		22B200C315F6B99300394FE8 /* Foundation.framework in Frameworks */ = {isa = PBXBuildFile; fileRef = 22B200C215F6B99300394FE8 /* Foundation.framework */; };
		22B200C815F6B99300394FE8 /* godmode.h in CopyFiles */ = {isa = PBXBuildFile; fileRef = 22B200C715F6B99300394FE8 /* godmode.h */; };
		22B200D215F6B99300394FE8 /* SenTestingKit.framework in Frameworks */ = {isa = PBXBuildFile; fileRef = 22B200D115F6B99300394FE8 /* SenTestingKit.framework */; };
		22B200D415F6B99300394FE8 /* UIKit.framework in Frameworks */ = {isa = PBXBuildFile; fileRef = 22B200D315F6B99300394FE8 /* UIKit.framework */; };
		22B200D515F6B99300394FE8 /* Foundation.framework in Frameworks */ = {isa = PBXBuildFile; fileRef = 22B200C215F6B99300394FE8 /* Foundation.framework */; };
		22B200D815F6B99300394FE8 /* libgodmode.a in Frameworks */ = {isa = PBXBuildFile; fileRef = 22B200BF15F6B99300394FE8 /* libgodmode.a */; };
		22B200DE15F6B99300394FE8 /* InfoPlist.strings in Resources */ = {isa = PBXBuildFile; fileRef = 22B200DC15F6B99300394FE8 /* InfoPlist.strings */; };
		22B200E115F6B99300394FE8 /* godmodeTests.m in Sources */ = {isa = PBXBuildFile; fileRef = 22B200E015F6B99300394FE8 /* godmodeTests.m */; };
		22B201A315F6BE6A00394FE8 /* libcooocoa.a in Frameworks */ = {isa = PBXBuildFile; fileRef = 22B2018C15F6BE4400394FE8 /* libcooocoa.a */; };
		22B201E315F6C1FE00394FE8 /* BehaviorFactory.m in Sources */ = {isa = PBXBuildFile; fileRef = 22B201B915F6C1FC00394FE8 /* BehaviorFactory.m */; };
		22B201E415F6C1FE00394FE8 /* BehaviorSemaphore.m in Sources */ = {isa = PBXBuildFile; fileRef = 22B201BB15F6C1FC00394FE8 /* BehaviorSemaphore.m */; };
		22B201E515F6C1FE00394FE8 /* BehaviorTask.m in Sources */ = {isa = PBXBuildFile; fileRef = 22B201BE15F6C1FD00394FE8 /* BehaviorTask.m */; };
		22B201E615F6C1FE00394FE8 /* BehaviorTaskPrinter.m in Sources */ = {isa = PBXBuildFile; fileRef = 22B201C115F6C1FD00394FE8 /* BehaviorTaskPrinter.m */; };
		22B201E715F6C1FE00394FE8 /* Blackboard.m in Sources */ = {isa = PBXBuildFile; fileRef = 22B201C315F6C1FD00394FE8 /* Blackboard.m */; };
		22B201E815F6C1FE00394FE8 /* BlockTask.m in Sources */ = {isa = PBXBuildFile; fileRef = 22B201C515F6C1FD00394FE8 /* BlockTask.m */; };
		22B201E915F6C1FE00394FE8 /* RemoveBlackboardKeyAction.m in Sources */ = {isa = PBXBuildFile; fileRef = 22B201C715F6C1FD00394FE8 /* RemoveBlackboardKeyAction.m */; };
		22B201EA15F6C1FE00394FE8 /* DelayFilter.m in Sources */ = {isa = PBXBuildFile; fileRef = 22B201C915F6C1FD00394FE8 /* DelayFilter.m */; };
		22B201EB15F6C1FE00394FE8 /* FlagDecorator.m in Sources */ = {isa = PBXBuildFile; fileRef = 22B201CB15F6C1FD00394FE8 /* FlagDecorator.m */; };
		22B201EC15F6C1FE00394FE8 /* LoopingDecorator.m in Sources */ = {isa = PBXBuildFile; fileRef = 22B201CD15F6C1FD00394FE8 /* LoopingDecorator.m */; };
		22B201ED15F6C1FE00394FE8 /* NoOpAction.m in Sources */ = {isa = PBXBuildFile; fileRef = 22B201CF15F6C1FD00394FE8 /* NoOpAction.m */; };
		22B201EE15F6C1FE00394FE8 /* NotDecorator.m in Sources */ = {isa = PBXBuildFile; fileRef = 22B201D115F6C1FD00394FE8 /* NotDecorator.m */; };
		22B201EF15F6C1FE00394FE8 /* ParallelSelector.m in Sources */ = {isa = PBXBuildFile; fileRef = 22B201D315F6C1FD00394FE8 /* ParallelSelector.m */; };
		22B201F015F6C1FE00394FE8 /* PredicateFilter.m in Sources */ = {isa = PBXBuildFile; fileRef = 22B201D515F6C1FE00394FE8 /* PredicateFilter.m */; };
		22B201F115F6C1FE00394FE8 /* PrioritySelector.m in Sources */ = {isa = PBXBuildFile; fileRef = 22B201D715F6C1FE00394FE8 /* PrioritySelector.m */; };
		22B201F215F6C1FE00394FE8 /* SemaphoreGuardDecorator.m in Sources */ = {isa = PBXBuildFile; fileRef = 22B201D915F6C1FE00394FE8 /* SemaphoreGuardDecorator.m */; };
		22B201F315F6C1FE00394FE8 /* SequenceSelector.m in Sources */ = {isa = PBXBuildFile; fileRef = 22B201DB15F6C1FE00394FE8 /* SequenceSelector.m */; };
		22B201F415F6C1FE00394FE8 /* StatefulBehaviorTask.m in Sources */ = {isa = PBXBuildFile; fileRef = 22B201DE15F6C1FE00394FE8 /* StatefulBehaviorTask.m */; };
		22B201F515F6C1FE00394FE8 /* TimerAction.m in Sources */ = {isa = PBXBuildFile; fileRef = 22B201E015F6C1FE00394FE8 /* TimerAction.m */; };
		22B201F615F6C1FE00394FE8 /* WeightedSelector.m in Sources */ = {isa = PBXBuildFile; fileRef = 22B201E215F6C1FE00394FE8 /* WeightedSelector.m */; };
		22B201FC15F6C22200394FE8 /* BehaviorPredicate.m in Sources */ = {isa = PBXBuildFile; fileRef = 22B201F915F6C22200394FE8 /* BehaviorPredicate.m */; };
		22B201FD15F6C22200394FE8 /* FlagSetPredicate.m in Sources */ = {isa = PBXBuildFile; fileRef = 22B201FB15F6C22200394FE8 /* FlagSetPredicate.m */; };
/* End PBXBuildFile section */

/* Begin PBXContainerItemProxy section */
		22B200D615F6B99300394FE8 /* PBXContainerItemProxy */ = {
			isa = PBXContainerItemProxy;
			containerPortal = 22B200B615F6B99200394FE8 /* Project object */;
			proxyType = 1;
			remoteGlobalIDString = 22B200BE15F6B99300394FE8;
			remoteInfo = godmode;
		};
		22B2018B15F6BE4400394FE8 /* PBXContainerItemProxy */ = {
			isa = PBXContainerItemProxy;
			containerPortal = 22B2014915F6BC5900394FE8 /* cooocoa.xcodeproj */;
			proxyType = 2;
			remoteGlobalIDString = 229E27B11557473D001452E5;
			remoteInfo = cooocoa;
		};
		22B2018D15F6BE4400394FE8 /* PBXContainerItemProxy */ = {
			isa = PBXContainerItemProxy;
			containerPortal = 22B2014915F6BC5900394FE8 /* cooocoa.xcodeproj */;
			proxyType = 2;
			remoteGlobalIDString = 229E27C11557473D001452E5;
			remoteInfo = cooocoaTests;
		};
		22B2019015F6BE4C00394FE8 /* PBXContainerItemProxy */ = {
			isa = PBXContainerItemProxy;
			containerPortal = 22B2014915F6BC5900394FE8 /* cooocoa.xcodeproj */;
			proxyType = 1;
			remoteGlobalIDString = 229E27B01557473D001452E5;
			remoteInfo = cooocoa;
		};
/* End PBXContainerItemProxy section */

/* Begin PBXCopyFilesBuildPhase section */
		22B200BD15F6B99300394FE8 /* CopyFiles */ = {
			isa = PBXCopyFilesBuildPhase;
			buildActionMask = 2147483647;
			dstPath = "include/${PRODUCT_NAME}";
			dstSubfolderSpec = 16;
			files = (
				22B200C815F6B99300394FE8 /* godmode.h in CopyFiles */,
			);
			runOnlyForDeploymentPostprocessing = 0;
		};
/* End PBXCopyFilesBuildPhase section */

/* Begin PBXFileReference section */
		22B200BF15F6B99300394FE8 /* libgodmode.a */ = {isa = PBXFileReference; explicitFileType = archive.ar; includeInIndex = 0; path = libgodmode.a; sourceTree = BUILT_PRODUCTS_DIR; };
		22B200C215F6B99300394FE8 /* Foundation.framework */ = {isa = PBXFileReference; lastKnownFileType = wrapper.framework; name = Foundation.framework; path = System/Library/Frameworks/Foundation.framework; sourceTree = SDKROOT; };
		22B200C715F6B99300394FE8 /* godmode.h */ = {isa = PBXFileReference; lastKnownFileType = sourcecode.c.h; path = godmode.h; sourceTree = "<group>"; };
		22B200D015F6B99300394FE8 /* godmodeTests.octest */ = {isa = PBXFileReference; explicitFileType = wrapper.cfbundle; includeInIndex = 0; path = godmodeTests.octest; sourceTree = BUILT_PRODUCTS_DIR; };
		22B200D115F6B99300394FE8 /* SenTestingKit.framework */ = {isa = PBXFileReference; lastKnownFileType = wrapper.framework; name = SenTestingKit.framework; path = Library/Frameworks/SenTestingKit.framework; sourceTree = DEVELOPER_DIR; };
		22B200D315F6B99300394FE8 /* UIKit.framework */ = {isa = PBXFileReference; lastKnownFileType = wrapper.framework; name = UIKit.framework; path = Library/Frameworks/UIKit.framework; sourceTree = DEVELOPER_DIR; };
		22B200DB15F6B99300394FE8 /* godmodeTests-Info.plist */ = {isa = PBXFileReference; lastKnownFileType = text.plist.xml; path = "godmodeTests-Info.plist"; sourceTree = "<group>"; };
		22B200DD15F6B99300394FE8 /* en */ = {isa = PBXFileReference; lastKnownFileType = text.plist.strings; name = en; path = en.lproj/InfoPlist.strings; sourceTree = "<group>"; };
		22B200DF15F6B99300394FE8 /* godmodeTests.h */ = {isa = PBXFileReference; lastKnownFileType = sourcecode.c.h; path = godmodeTests.h; sourceTree = "<group>"; };
		22B200E015F6B99300394FE8 /* godmodeTests.m */ = {isa = PBXFileReference; lastKnownFileType = sourcecode.c.objc; path = godmodeTests.m; sourceTree = "<group>"; };
		22B200F215F6BA3000394FE8 /* godmode_Prefix.pch */ = {isa = PBXFileReference; lastKnownFileType = sourcecode.c.h; path = godmode_Prefix.pch; sourceTree = "<group>"; };
		22B2014915F6BC5900394FE8 /* cooocoa.xcodeproj */ = {isa = PBXFileReference; lastKnownFileType = "wrapper.pb-project"; name = cooocoa.xcodeproj; path = ../cooocoa.xcodeproj; sourceTree = COOOCOA_SRC; };
		22B201B815F6C1FC00394FE8 /* BehaviorFactory.h */ = {isa = PBXFileReference; fileEncoding = 4; lastKnownFileType = sourcecode.c.h; path = BehaviorFactory.h; sourceTree = "<group>"; };
		22B201B915F6C1FC00394FE8 /* BehaviorFactory.m */ = {isa = PBXFileReference; fileEncoding = 4; lastKnownFileType = sourcecode.c.objc; path = BehaviorFactory.m; sourceTree = "<group>"; };
		22B201BA15F6C1FC00394FE8 /* BehaviorSemaphore.h */ = {isa = PBXFileReference; fileEncoding = 4; lastKnownFileType = sourcecode.c.h; path = BehaviorSemaphore.h; sourceTree = "<group>"; };
		22B201BB15F6C1FC00394FE8 /* BehaviorSemaphore.m */ = {isa = PBXFileReference; fileEncoding = 4; lastKnownFileType = sourcecode.c.objc; path = BehaviorSemaphore.m; sourceTree = "<group>"; };
		22B201BC15F6C1FC00394FE8 /* BehaviorTask+Protected.h */ = {isa = PBXFileReference; fileEncoding = 4; lastKnownFileType = sourcecode.c.h; path = "BehaviorTask+Protected.h"; sourceTree = "<group>"; };
		22B201BD15F6C1FD00394FE8 /* BehaviorTask.h */ = {isa = PBXFileReference; fileEncoding = 4; lastKnownFileType = sourcecode.c.h; path = BehaviorTask.h; sourceTree = "<group>"; };
		22B201BE15F6C1FD00394FE8 /* BehaviorTask.m */ = {isa = PBXFileReference; fileEncoding = 4; lastKnownFileType = sourcecode.c.objc; path = BehaviorTask.m; sourceTree = "<group>"; };
		22B201BF15F6C1FD00394FE8 /* BehaviorTaskContainer.h */ = {isa = PBXFileReference; fileEncoding = 4; lastKnownFileType = sourcecode.c.h; path = BehaviorTaskContainer.h; sourceTree = "<group>"; };
		22B201C015F6C1FD00394FE8 /* BehaviorTaskPrinter.h */ = {isa = PBXFileReference; fileEncoding = 4; lastKnownFileType = sourcecode.c.h; path = BehaviorTaskPrinter.h; sourceTree = "<group>"; };
		22B201C115F6C1FD00394FE8 /* BehaviorTaskPrinter.m */ = {isa = PBXFileReference; fileEncoding = 4; lastKnownFileType = sourcecode.c.objc; path = BehaviorTaskPrinter.m; sourceTree = "<group>"; };
		22B201C215F6C1FD00394FE8 /* Blackboard.h */ = {isa = PBXFileReference; fileEncoding = 4; lastKnownFileType = sourcecode.c.h; path = Blackboard.h; sourceTree = "<group>"; };
		22B201C315F6C1FD00394FE8 /* Blackboard.m */ = {isa = PBXFileReference; fileEncoding = 4; lastKnownFileType = sourcecode.c.objc; path = Blackboard.m; sourceTree = "<group>"; };
		22B201C415F6C1FD00394FE8 /* BlockTask.h */ = {isa = PBXFileReference; fileEncoding = 4; lastKnownFileType = sourcecode.c.h; path = BlockTask.h; sourceTree = "<group>"; };
		22B201C515F6C1FD00394FE8 /* BlockTask.m */ = {isa = PBXFileReference; fileEncoding = 4; lastKnownFileType = sourcecode.c.objc; path = BlockTask.m; sourceTree = "<group>"; };
		22B201C615F6C1FD00394FE8 /* RemoveBlackboardKeyAction.h */ = {isa = PBXFileReference; fileEncoding = 4; lastKnownFileType = sourcecode.c.h; path = RemoveBlackboardKeyAction.h; sourceTree = "<group>"; };
		22B201C715F6C1FD00394FE8 /* RemoveBlackboardKeyAction.m */ = {isa = PBXFileReference; fileEncoding = 4; lastKnownFileType = sourcecode.c.objc; path = RemoveBlackboardKeyAction.m; sourceTree = "<group>"; };
		22B201C815F6C1FD00394FE8 /* DelayFilter.h */ = {isa = PBXFileReference; fileEncoding = 4; lastKnownFileType = sourcecode.c.h; path = DelayFilter.h; sourceTree = "<group>"; };
		22B201C915F6C1FD00394FE8 /* DelayFilter.m */ = {isa = PBXFileReference; fileEncoding = 4; lastKnownFileType = sourcecode.c.objc; path = DelayFilter.m; sourceTree = "<group>"; };
		22B201CA15F6C1FD00394FE8 /* FlagDecorator.h */ = {isa = PBXFileReference; fileEncoding = 4; lastKnownFileType = sourcecode.c.h; path = FlagDecorator.h; sourceTree = "<group>"; };
		22B201CB15F6C1FD00394FE8 /* FlagDecorator.m */ = {isa = PBXFileReference; fileEncoding = 4; lastKnownFileType = sourcecode.c.objc; path = FlagDecorator.m; sourceTree = "<group>"; };
		22B201CC15F6C1FD00394FE8 /* LoopingDecorator.h */ = {isa = PBXFileReference; fileEncoding = 4; lastKnownFileType = sourcecode.c.h; path = LoopingDecorator.h; sourceTree = "<group>"; };
		22B201CD15F6C1FD00394FE8 /* LoopingDecorator.m */ = {isa = PBXFileReference; fileEncoding = 4; lastKnownFileType = sourcecode.c.objc; path = LoopingDecorator.m; sourceTree = "<group>"; };
		22B201CE15F6C1FD00394FE8 /* NoOpAction.h */ = {isa = PBXFileReference; fileEncoding = 4; lastKnownFileType = sourcecode.c.h; path = NoOpAction.h; sourceTree = "<group>"; };
		22B201CF15F6C1FD00394FE8 /* NoOpAction.m */ = {isa = PBXFileReference; fileEncoding = 4; lastKnownFileType = sourcecode.c.objc; path = NoOpAction.m; sourceTree = "<group>"; };
		22B201D015F6C1FD00394FE8 /* NotDecorator.h */ = {isa = PBXFileReference; fileEncoding = 4; lastKnownFileType = sourcecode.c.h; path = NotDecorator.h; sourceTree = "<group>"; };
		22B201D115F6C1FD00394FE8 /* NotDecorator.m */ = {isa = PBXFileReference; fileEncoding = 4; lastKnownFileType = sourcecode.c.objc; path = NotDecorator.m; sourceTree = "<group>"; };
		22B201D215F6C1FD00394FE8 /* ParallelSelector.h */ = {isa = PBXFileReference; fileEncoding = 4; lastKnownFileType = sourcecode.c.h; path = ParallelSelector.h; sourceTree = "<group>"; };
		22B201D315F6C1FD00394FE8 /* ParallelSelector.m */ = {isa = PBXFileReference; fileEncoding = 4; lastKnownFileType = sourcecode.c.objc; path = ParallelSelector.m; sourceTree = "<group>"; };
		22B201D415F6C1FE00394FE8 /* PredicateFilter.h */ = {isa = PBXFileReference; fileEncoding = 4; lastKnownFileType = sourcecode.c.h; path = PredicateFilter.h; sourceTree = "<group>"; };
		22B201D515F6C1FE00394FE8 /* PredicateFilter.m */ = {isa = PBXFileReference; fileEncoding = 4; lastKnownFileType = sourcecode.c.objc; path = PredicateFilter.m; sourceTree = "<group>"; };
		22B201D615F6C1FE00394FE8 /* PrioritySelector.h */ = {isa = PBXFileReference; fileEncoding = 4; lastKnownFileType = sourcecode.c.h; path = PrioritySelector.h; sourceTree = "<group>"; };
		22B201D715F6C1FE00394FE8 /* PrioritySelector.m */ = {isa = PBXFileReference; fileEncoding = 4; lastKnownFileType = sourcecode.c.objc; path = PrioritySelector.m; sourceTree = "<group>"; };
		22B201D815F6C1FE00394FE8 /* SemaphoreGuardDecorator.h */ = {isa = PBXFileReference; fileEncoding = 4; lastKnownFileType = sourcecode.c.h; path = SemaphoreGuardDecorator.h; sourceTree = "<group>"; };
		22B201D915F6C1FE00394FE8 /* SemaphoreGuardDecorator.m */ = {isa = PBXFileReference; fileEncoding = 4; lastKnownFileType = sourcecode.c.objc; path = SemaphoreGuardDecorator.m; sourceTree = "<group>"; };
		22B201DA15F6C1FE00394FE8 /* SequenceSelector.h */ = {isa = PBXFileReference; fileEncoding = 4; lastKnownFileType = sourcecode.c.h; path = SequenceSelector.h; sourceTree = "<group>"; };
		22B201DB15F6C1FE00394FE8 /* SequenceSelector.m */ = {isa = PBXFileReference; fileEncoding = 4; lastKnownFileType = sourcecode.c.objc; path = SequenceSelector.m; sourceTree = "<group>"; };
		22B201DC15F6C1FE00394FE8 /* StatefulBehaviorTask+Protected.h */ = {isa = PBXFileReference; fileEncoding = 4; lastKnownFileType = sourcecode.c.h; path = "StatefulBehaviorTask+Protected.h"; sourceTree = "<group>"; };
		22B201DD15F6C1FE00394FE8 /* StatefulBehaviorTask.h */ = {isa = PBXFileReference; fileEncoding = 4; lastKnownFileType = sourcecode.c.h; path = StatefulBehaviorTask.h; sourceTree = "<group>"; };
		22B201DE15F6C1FE00394FE8 /* StatefulBehaviorTask.m */ = {isa = PBXFileReference; fileEncoding = 4; lastKnownFileType = sourcecode.c.objc; path = StatefulBehaviorTask.m; sourceTree = "<group>"; };
		22B201DF15F6C1FE00394FE8 /* TimerAction.h */ = {isa = PBXFileReference; fileEncoding = 4; lastKnownFileType = sourcecode.c.h; path = TimerAction.h; sourceTree = "<group>"; };
		22B201E015F6C1FE00394FE8 /* TimerAction.m */ = {isa = PBXFileReference; fileEncoding = 4; lastKnownFileType = sourcecode.c.objc; path = TimerAction.m; sourceTree = "<group>"; };
		22B201E115F6C1FE00394FE8 /* WeightedSelector.h */ = {isa = PBXFileReference; fileEncoding = 4; lastKnownFileType = sourcecode.c.h; path = WeightedSelector.h; sourceTree = "<group>"; };
		22B201E215F6C1FE00394FE8 /* WeightedSelector.m */ = {isa = PBXFileReference; fileEncoding = 4; lastKnownFileType = sourcecode.c.objc; path = WeightedSelector.m; sourceTree = "<group>"; };
		22B201F815F6C22200394FE8 /* BehaviorPredicate.h */ = {isa = PBXFileReference; fileEncoding = 4; lastKnownFileType = sourcecode.c.h; path = BehaviorPredicate.h; sourceTree = "<group>"; };
		22B201F915F6C22200394FE8 /* BehaviorPredicate.m */ = {isa = PBXFileReference; fileEncoding = 4; lastKnownFileType = sourcecode.c.objc; path = BehaviorPredicate.m; sourceTree = "<group>"; };
		22B201FA15F6C22200394FE8 /* FlagSetPredicate.h */ = {isa = PBXFileReference; fileEncoding = 4; lastKnownFileType = sourcecode.c.h; path = FlagSetPredicate.h; sourceTree = "<group>"; };
		22B201FB15F6C22200394FE8 /* FlagSetPredicate.m */ = {isa = PBXFileReference; fileEncoding = 4; lastKnownFileType = sourcecode.c.objc; path = FlagSetPredicate.m; sourceTree = "<group>"; };
/* End PBXFileReference section */

/* Begin PBXFrameworksBuildPhase section */
		22B200BC15F6B99300394FE8 /* Frameworks */ = {
			isa = PBXFrameworksBuildPhase;
			buildActionMask = 2147483647;
			files = (
				22B201A315F6BE6A00394FE8 /* libcooocoa.a in Frameworks */,
				22B200C315F6B99300394FE8 /* Foundation.framework in Frameworks */,
			);
			runOnlyForDeploymentPostprocessing = 0;
		};
		22B200CC15F6B99300394FE8 /* Frameworks */ = {
			isa = PBXFrameworksBuildPhase;
			buildActionMask = 2147483647;
			files = (
				22B200D215F6B99300394FE8 /* SenTestingKit.framework in Frameworks */,
				22B200D415F6B99300394FE8 /* UIKit.framework in Frameworks */,
				22B200D515F6B99300394FE8 /* Foundation.framework in Frameworks */,
				22B200D815F6B99300394FE8 /* libgodmode.a in Frameworks */,
			);
			runOnlyForDeploymentPostprocessing = 0;
		};
/* End PBXFrameworksBuildPhase section */

/* Begin PBXGroup section */
		22B200B415F6B99200394FE8 = {
			isa = PBXGroup;
			children = (
				22B2014915F6BC5900394FE8 /* cooocoa.xcodeproj */,
				22B200C415F6B99300394FE8 /* Classes */,
				22B200D915F6B99300394FE8 /* Tests */,
				22B200F115F6BA1100394FE8 /* Other Sources */,
				22B200C115F6B99300394FE8 /* Frameworks */,
				22B200C015F6B99300394FE8 /* Products */,
			);
			sourceTree = "<group>";
		};
		22B200C015F6B99300394FE8 /* Products */ = {
			isa = PBXGroup;
			children = (
				22B200BF15F6B99300394FE8 /* libgodmode.a */,
				22B200D015F6B99300394FE8 /* godmodeTests.octest */,
			);
			name = Products;
			sourceTree = "<group>";
		};
		22B200C115F6B99300394FE8 /* Frameworks */ = {
			isa = PBXGroup;
			children = (
				22B200C215F6B99300394FE8 /* Foundation.framework */,
				22B200D115F6B99300394FE8 /* SenTestingKit.framework */,
				22B200D315F6B99300394FE8 /* UIKit.framework */,
			);
			name = Frameworks;
			sourceTree = "<group>";
		};
		22B200C415F6B99300394FE8 /* Classes */ = {
			isa = PBXGroup;
			children = (
				22B201B815F6C1FC00394FE8 /* BehaviorFactory.h */,
				22B201B915F6C1FC00394FE8 /* BehaviorFactory.m */,
				22B201F815F6C22200394FE8 /* BehaviorPredicate.h */,
				22B201F915F6C22200394FE8 /* BehaviorPredicate.m */,
				22B201BA15F6C1FC00394FE8 /* BehaviorSemaphore.h */,
				22B201BB15F6C1FC00394FE8 /* BehaviorSemaphore.m */,
				22B201BC15F6C1FC00394FE8 /* BehaviorTask+Protected.h */,
				22B201BD15F6C1FD00394FE8 /* BehaviorTask.h */,
				22B201BE15F6C1FD00394FE8 /* BehaviorTask.m */,
				22B201BF15F6C1FD00394FE8 /* BehaviorTaskContainer.h */,
				22B201C015F6C1FD00394FE8 /* BehaviorTaskPrinter.h */,
				22B201C115F6C1FD00394FE8 /* BehaviorTaskPrinter.m */,
				22B201C215F6C1FD00394FE8 /* Blackboard.h */,
				22B201C315F6C1FD00394FE8 /* Blackboard.m */,
				22B201C415F6C1FD00394FE8 /* BlockTask.h */,
				22B201C515F6C1FD00394FE8 /* BlockTask.m */,
				22B201C815F6C1FD00394FE8 /* DelayFilter.h */,
				22B201C915F6C1FD00394FE8 /* DelayFilter.m */,
				22B201CA15F6C1FD00394FE8 /* FlagDecorator.h */,
				22B201CB15F6C1FD00394FE8 /* FlagDecorator.m */,
				22B201FA15F6C22200394FE8 /* FlagSetPredicate.h */,
				22B201FB15F6C22200394FE8 /* FlagSetPredicate.m */,
				22B200C715F6B99300394FE8 /* godmode.h */,
				22B201CC15F6C1FD00394FE8 /* LoopingDecorator.h */,
				22B201CD15F6C1FD00394FE8 /* LoopingDecorator.m */,
				22B201CE15F6C1FD00394FE8 /* NoOpAction.h */,
				22B201CF15F6C1FD00394FE8 /* NoOpAction.m */,
				22B201D015F6C1FD00394FE8 /* NotDecorator.h */,
				22B201D115F6C1FD00394FE8 /* NotDecorator.m */,
				22B201D215F6C1FD00394FE8 /* ParallelSelector.h */,
				22B201D315F6C1FD00394FE8 /* ParallelSelector.m */,
				22B201D415F6C1FE00394FE8 /* PredicateFilter.h */,
				22B201D515F6C1FE00394FE8 /* PredicateFilter.m */,
				22B201D615F6C1FE00394FE8 /* PrioritySelector.h */,
				22B201D715F6C1FE00394FE8 /* PrioritySelector.m */,
				22B201C615F6C1FD00394FE8 /* RemoveBlackboardKeyAction.h */,
				22B201C715F6C1FD00394FE8 /* RemoveBlackboardKeyAction.m */,
				22B201D815F6C1FE00394FE8 /* SemaphoreGuardDecorator.h */,
				22B201D915F6C1FE00394FE8 /* SemaphoreGuardDecorator.m */,
				22B201DA15F6C1FE00394FE8 /* SequenceSelector.h */,
				22B201DB15F6C1FE00394FE8 /* SequenceSelector.m */,
				22B201DC15F6C1FE00394FE8 /* StatefulBehaviorTask+Protected.h */,
				22B201DD15F6C1FE00394FE8 /* StatefulBehaviorTask.h */,
				22B201DE15F6C1FE00394FE8 /* StatefulBehaviorTask.m */,
				22B201DF15F6C1FE00394FE8 /* TimerAction.h */,
				22B201E015F6C1FE00394FE8 /* TimerAction.m */,
				22B201E115F6C1FE00394FE8 /* WeightedSelector.h */,
				22B201E215F6C1FE00394FE8 /* WeightedSelector.m */,
			);
			path = Classes;
			sourceTree = "<group>";
		};
		22B200D915F6B99300394FE8 /* Tests */ = {
			isa = PBXGroup;
			children = (
				22B200DF15F6B99300394FE8 /* godmodeTests.h */,
				22B200E015F6B99300394FE8 /* godmodeTests.m */,
				22B200DA15F6B99300394FE8 /* Supporting Files */,
			);
			path = Tests;
			sourceTree = "<group>";
		};
		22B200DA15F6B99300394FE8 /* Supporting Files */ = {
			isa = PBXGroup;
			children = (
				22B200DB15F6B99300394FE8 /* godmodeTests-Info.plist */,
				22B200DC15F6B99300394FE8 /* InfoPlist.strings */,
			);
			name = "Supporting Files";
			sourceTree = "<group>";
		};
		22B200F115F6BA1100394FE8 /* Other Sources */ = {
			isa = PBXGroup;
			children = (
				22B200F215F6BA3000394FE8 /* godmode_Prefix.pch */,
			);
			name = "Other Sources";
			sourceTree = "<group>";
		};
		22B2018715F6BE4400394FE8 /* Products */ = {
			isa = PBXGroup;
			children = (
				22B2018C15F6BE4400394FE8 /* libcooocoa.a */,
				22B2018E15F6BE4400394FE8 /* cooocoaTests.octest */,
			);
			name = Products;
			sourceTree = "<group>";
		};
/* End PBXGroup section */

/* Begin PBXNativeTarget section */
		22B200BE15F6B99300394FE8 /* godmode */ = {
			isa = PBXNativeTarget;
			buildConfigurationList = 22B200E415F6B99300394FE8 /* Build configuration list for PBXNativeTarget "godmode" */;
			buildPhases = (
				22B200BB15F6B99300394FE8 /* Sources */,
				22B200BC15F6B99300394FE8 /* Frameworks */,
				22B200BD15F6B99300394FE8 /* CopyFiles */,
			);
			buildRules = (
			);
			dependencies = (
				22B2019115F6BE4C00394FE8 /* PBXTargetDependency */,
			);
			name = godmode;
			productName = godmode;
			productReference = 22B200BF15F6B99300394FE8 /* libgodmode.a */;
			productType = "com.apple.product-type.library.static";
		};
		22B200CF15F6B99300394FE8 /* godmodeTests */ = {
			isa = PBXNativeTarget;
			buildConfigurationList = 22B200E715F6B99300394FE8 /* Build configuration list for PBXNativeTarget "godmodeTests" */;
			buildPhases = (
				22B200CB15F6B99300394FE8 /* Sources */,
				22B200CC15F6B99300394FE8 /* Frameworks */,
				22B200CD15F6B99300394FE8 /* Resources */,
				22B200CE15F6B99300394FE8 /* ShellScript */,
			);
			buildRules = (
			);
			dependencies = (
				22B200D715F6B99300394FE8 /* PBXTargetDependency */,
			);
			name = godmodeTests;
			productName = godmodeTests;
			productReference = 22B200D015F6B99300394FE8 /* godmodeTests.octest */;
			productType = "com.apple.product-type.bundle";
		};
/* End PBXNativeTarget section */

/* Begin PBXProject section */
		22B200B615F6B99200394FE8 /* Project object */ = {
			isa = PBXProject;
			attributes = {
				CLASSPREFIX = GM;
				LastUpgradeCheck = 0440;
				ORGANIZATIONNAME = "Three Rings";
			};
			buildConfigurationList = 22B200B915F6B99200394FE8 /* Build configuration list for PBXProject "godmode" */;
			compatibilityVersion = "Xcode 3.2";
			developmentRegion = English;
			hasScannedForEncodings = 0;
			knownRegions = (
				en,
			);
			mainGroup = 22B200B415F6B99200394FE8;
			productRefGroup = 22B200C015F6B99300394FE8 /* Products */;
			projectDirPath = "";
			projectReferences = (
				{
					ProductGroup = 22B2018715F6BE4400394FE8 /* Products */;
					ProjectRef = 22B2014915F6BC5900394FE8 /* cooocoa.xcodeproj */;
				},
			);
			projectRoot = "";
			targets = (
				22B200BE15F6B99300394FE8 /* godmode */,
				22B200CF15F6B99300394FE8 /* godmodeTests */,
			);
		};
/* End PBXProject section */

/* Begin PBXReferenceProxy section */
		22B2018C15F6BE4400394FE8 /* libcooocoa.a */ = {
			isa = PBXReferenceProxy;
			fileType = archive.ar;
			path = libcooocoa.a;
			remoteRef = 22B2018B15F6BE4400394FE8 /* PBXContainerItemProxy */;
			sourceTree = BUILT_PRODUCTS_DIR;
		};
		22B2018E15F6BE4400394FE8 /* cooocoaTests.octest */ = {
			isa = PBXReferenceProxy;
			fileType = wrapper.cfbundle;
			path = cooocoaTests.octest;
			remoteRef = 22B2018D15F6BE4400394FE8 /* PBXContainerItemProxy */;
			sourceTree = BUILT_PRODUCTS_DIR;
		};
/* End PBXReferenceProxy section */

/* Begin PBXResourcesBuildPhase section */
		22B200CD15F6B99300394FE8 /* Resources */ = {
			isa = PBXResourcesBuildPhase;
			buildActionMask = 2147483647;
			files = (
				22B200DE15F6B99300394FE8 /* InfoPlist.strings in Resources */,
			);
			runOnlyForDeploymentPostprocessing = 0;
		};
/* End PBXResourcesBuildPhase section */

/* Begin PBXShellScriptBuildPhase section */
		22B200CE15F6B99300394FE8 /* ShellScript */ = {
			isa = PBXShellScriptBuildPhase;
			buildActionMask = 2147483647;
			files = (
			);
			inputPaths = (
			);
			outputPaths = (
			);
			runOnlyForDeploymentPostprocessing = 0;
			shellPath = /bin/sh;
			shellScript = "# Run the unit tests in this test bundle.\n\"${SYSTEM_DEVELOPER_DIR}/Tools/RunUnitTests\"\n";
		};
/* End PBXShellScriptBuildPhase section */

/* Begin PBXSourcesBuildPhase section */
		22B200BB15F6B99300394FE8 /* Sources */ = {
			isa = PBXSourcesBuildPhase;
			buildActionMask = 2147483647;
			files = (
				22B201E315F6C1FE00394FE8 /* BehaviorFactory.m in Sources */,
				22B201E415F6C1FE00394FE8 /* BehaviorSemaphore.m in Sources */,
				22B201E515F6C1FE00394FE8 /* BehaviorTask.m in Sources */,
				22B201E615F6C1FE00394FE8 /* BehaviorTaskPrinter.m in Sources */,
				22B201E715F6C1FE00394FE8 /* Blackboard.m in Sources */,
				22B201E815F6C1FE00394FE8 /* BlockTask.m in Sources */,
				22B201E915F6C1FE00394FE8 /* RemoveBlackboardKeyAction.m in Sources */,
				22B201EA15F6C1FE00394FE8 /* DelayFilter.m in Sources */,
				22B201EB15F6C1FE00394FE8 /* FlagDecorator.m in Sources */,
				22B201EC15F6C1FE00394FE8 /* LoopingDecorator.m in Sources */,
				22B201ED15F6C1FE00394FE8 /* NoOpAction.m in Sources */,
				22B201EE15F6C1FE00394FE8 /* NotDecorator.m in Sources */,
				22B201EF15F6C1FE00394FE8 /* ParallelSelector.m in Sources */,
				22B201F015F6C1FE00394FE8 /* PredicateFilter.m in Sources */,
				22B201F115F6C1FE00394FE8 /* PrioritySelector.m in Sources */,
				22B201F215F6C1FE00394FE8 /* SemaphoreGuardDecorator.m in Sources */,
				22B201F315F6C1FE00394FE8 /* SequenceSelector.m in Sources */,
				22B201F415F6C1FE00394FE8 /* StatefulBehaviorTask.m in Sources */,
				22B201F515F6C1FE00394FE8 /* TimerAction.m in Sources */,
				22B201F615F6C1FE00394FE8 /* WeightedSelector.m in Sources */,
				22B201FC15F6C22200394FE8 /* BehaviorPredicate.m in Sources */,
				22B201FD15F6C22200394FE8 /* FlagSetPredicate.m in Sources */,
			);
			runOnlyForDeploymentPostprocessing = 0;
		};
		22B200CB15F6B99300394FE8 /* Sources */ = {
			isa = PBXSourcesBuildPhase;
			buildActionMask = 2147483647;
			files = (
				22B200E115F6B99300394FE8 /* godmodeTests.m in Sources */,
			);
			runOnlyForDeploymentPostprocessing = 0;
		};
/* End PBXSourcesBuildPhase section */

/* Begin PBXTargetDependency section */
		22B200D715F6B99300394FE8 /* PBXTargetDependency */ = {
			isa = PBXTargetDependency;
			target = 22B200BE15F6B99300394FE8 /* godmode */;
			targetProxy = 22B200D615F6B99300394FE8 /* PBXContainerItemProxy */;
		};
		22B2019115F6BE4C00394FE8 /* PBXTargetDependency */ = {
			isa = PBXTargetDependency;
			name = cooocoa;
			targetProxy = 22B2019015F6BE4C00394FE8 /* PBXContainerItemProxy */;
		};
/* End PBXTargetDependency section */

/* Begin PBXVariantGroup section */
		22B200DC15F6B99300394FE8 /* InfoPlist.strings */ = {
			isa = PBXVariantGroup;
			children = (
				22B200DD15F6B99300394FE8 /* en */,
			);
			name = InfoPlist.strings;
			sourceTree = "<group>";
		};
/* End PBXVariantGroup section */

/* Begin XCBuildConfiguration section */
		22B200E215F6B99300394FE8 /* Debug */ = {
			isa = XCBuildConfiguration;
			buildSettings = {
				ALWAYS_SEARCH_USER_PATHS = NO;
				ARCHS = "$(ARCHS_STANDARD_32_BIT)";
				CLANG_CXX_LANGUAGE_STANDARD = "gnu++0x";
				CLANG_ENABLE_OBJC_ARC = YES;
				CLANG_WARN__DUPLICATE_METHOD_MATCH = YES;
				COPY_PHASE_STRIP = NO;
				GCC_C_LANGUAGE_STANDARD = gnu99;
				GCC_DYNAMIC_NO_PIC = NO;
				GCC_OPTIMIZATION_LEVEL = 0;
				GCC_PREPROCESSOR_DEFINITIONS = (
					"DEBUG=1",
					"$(inherited)",
				);
				GCC_SYMBOLS_PRIVATE_EXTERN = NO;
				GCC_VERSION = com.apple.compilers.llvm.clang.1_0;
				GCC_WARN_ABOUT_RETURN_TYPE = YES;
				GCC_WARN_UNINITIALIZED_AUTOS = YES;
				GCC_WARN_UNUSED_VARIABLE = YES;
				HEADER_SEARCH_PATHS = /usr/include/libxml2;
				IPHONEOS_DEPLOYMENT_TARGET = 5.0;
				OTHER_LDFLAGS = (
					"-ObjC",
					"-all_load",
				);
				SDKROOT = iphoneos;
				USER_HEADER_SEARCH_PATHS = "${COOOCOA_SRC}/**";
			};
			name = Debug;
		};
		22B200E315F6B99300394FE8 /* Release */ = {
			isa = XCBuildConfiguration;
			buildSettings = {
				ALWAYS_SEARCH_USER_PATHS = NO;
				ARCHS = "$(ARCHS_STANDARD_32_BIT)";
				CLANG_CXX_LANGUAGE_STANDARD = "gnu++0x";
				CLANG_ENABLE_OBJC_ARC = YES;
				CLANG_WARN__DUPLICATE_METHOD_MATCH = YES;
				COPY_PHASE_STRIP = YES;
				GCC_C_LANGUAGE_STANDARD = gnu99;
				GCC_VERSION = com.apple.compilers.llvm.clang.1_0;
				GCC_WARN_ABOUT_RETURN_TYPE = YES;
				GCC_WARN_UNINITIALIZED_AUTOS = YES;
				GCC_WARN_UNUSED_VARIABLE = YES;
				HEADER_SEARCH_PATHS = /usr/include/libxml2;
				IPHONEOS_DEPLOYMENT_TARGET = 5.0;
				OTHER_LDFLAGS = (
					"-ObjC",
					"-all_load",
				);
				SDKROOT = iphoneos;
				USER_HEADER_SEARCH_PATHS = "${COOOCOA_SRC}/**";
				VALIDATE_PRODUCT = YES;
			};
			name = Release;
		};
		22B200E515F6B99300394FE8 /* Debug */ = {
			isa = XCBuildConfiguration;
			buildSettings = {
				DSTROOT = /tmp/godmode.dst;
				GCC_PRECOMPILE_PREFIX_HEADER = YES;
				GCC_PREFIX_HEADER = godmode_Prefix.pch;
				OTHER_LDFLAGS = "-ObjC";
				PRODUCT_NAME = "$(TARGET_NAME)";
				SKIP_INSTALL = YES;
			};
			name = Debug;
		};
		22B200E615F6B99300394FE8 /* Release */ = {
			isa = XCBuildConfiguration;
			buildSettings = {
				DSTROOT = /tmp/godmode.dst;
				GCC_PRECOMPILE_PREFIX_HEADER = YES;
				GCC_PREFIX_HEADER = godmode_Prefix.pch;
				OTHER_LDFLAGS = "-ObjC";
				PRODUCT_NAME = "$(TARGET_NAME)";
				SKIP_INSTALL = YES;
			};
			name = Release;
		};
		22B200E815F6B99300394FE8 /* Debug */ = {
			isa = XCBuildConfiguration;
			buildSettings = {
				FRAMEWORK_SEARCH_PATHS = (
					"\"$(SDKROOT)/Developer/Library/Frameworks\"",
					"\"$(DEVELOPER_LIBRARY_DIR)/Frameworks\"",
				);
				GCC_PRECOMPILE_PREFIX_HEADER = YES;
				GCC_PREFIX_HEADER = godmode_Prefix.pch;
				INFOPLIST_FILE = "Tests/godmodeTests-Info.plist";
				PRODUCT_NAME = "$(TARGET_NAME)";
				WRAPPER_EXTENSION = octest;
			};
			name = Debug;
		};
		22B200E915F6B99300394FE8 /* Release */ = {
			isa = XCBuildConfiguration;
			buildSettings = {
				FRAMEWORK_SEARCH_PATHS = (
					"\"$(SDKROOT)/Developer/Library/Frameworks\"",
					"\"$(DEVELOPER_LIBRARY_DIR)/Frameworks\"",
				);
				GCC_PRECOMPILE_PREFIX_HEADER = YES;
				GCC_PREFIX_HEADER = godmode_Prefix.pch;
				INFOPLIST_FILE = "Tests/godmodeTests-Info.plist";
				PRODUCT_NAME = "$(TARGET_NAME)";
				WRAPPER_EXTENSION = octest;
			};
			name = Release;
		};
/* End XCBuildConfiguration section */

/* Begin XCConfigurationList section */
		22B200B915F6B99200394FE8 /* Build configuration list for PBXProject "godmode" */ = {
			isa = XCConfigurationList;
			buildConfigurations = (
				22B200E215F6B99300394FE8 /* Debug */,
				22B200E315F6B99300394FE8 /* Release */,
			);
			defaultConfigurationIsVisible = 0;
			defaultConfigurationName = Release;
		};
		22B200E415F6B99300394FE8 /* Build configuration list for PBXNativeTarget "godmode" */ = {
			isa = XCConfigurationList;
			buildConfigurations = (
				22B200E515F6B99300394FE8 /* Debug */,
				22B200E615F6B99300394FE8 /* Release */,
			);
			defaultConfigurationIsVisible = 0;
			defaultConfigurationName = Release;
		};
		22B200E715F6B99300394FE8 /* Build configuration list for PBXNativeTarget "godmodeTests" */ = {
			isa = XCConfigurationList;
			buildConfigurations = (
				22B200E815F6B99300394FE8 /* Debug */,
				22B200E915F6B99300394FE8 /* Release */,
			);
			defaultConfigurationIsVisible = 0;
			defaultConfigurationName = Release;
		};
/* End XCConfigurationList section */
	};
	rootObject = 22B200B615F6B99200394FE8 /* Project object */;
}
