// !$*UTF8*$!
{
	archiveVersion = 1;
	classes = {
	};
	objectVersion = 46;
	objects = {

/* Begin PBXBuildFile section */
		22B200C315F6B99300394FE8 /* Foundation.framework in Frameworks */ = {isa = PBXBuildFile; fileRef = 22B200C215F6B99300394FE8 /* Foundation.framework */; };
		22B200C815F6B99300394FE8 /* godmode.h in CopyFiles */ = {isa = PBXBuildFile; fileRef = 22B200C715F6B99300394FE8 /* godmode.h */; };
		22B200D215F6B99300394FE8 /* SenTestingKit.framework in Frameworks */ = {isa = PBXBuildFile; fileRef = 22B200D115F6B99300394FE8 /* SenTestingKit.framework */; };
		22B200D415F6B99300394FE8 /* UIKit.framework in Frameworks */ = {isa = PBXBuildFile; fileRef = 22B200D315F6B99300394FE8 /* UIKit.framework */; };
		22B200D515F6B99300394FE8 /* Foundation.framework in Frameworks */ = {isa = PBXBuildFile; fileRef = 22B200C215F6B99300394FE8 /* Foundation.framework */; };
		22B200D815F6B99300394FE8 /* libgodmode.a in Frameworks */ = {isa = PBXBuildFile; fileRef = 22B200BF15F6B99300394FE8 /* libgodmode.a */; };
		22B200DE15F6B99300394FE8 /* InfoPlist.strings in Resources */ = {isa = PBXBuildFile; fileRef = 22B200DC15F6B99300394FE8 /* InfoPlist.strings */; };
		22B200E115F6B99300394FE8 /* godmodeTests.m in Sources */ = {isa = PBXBuildFile; fileRef = 22B200E015F6B99300394FE8 /* godmodeTests.m */; };
		22B201A315F6BE6A00394FE8 /* libcooocoa.a in Frameworks */ = {isa = PBXBuildFile; fileRef = 22B2018C15F6BE4400394FE8 /* libcooocoa.a */; };
		22B201E315F6C1FE00394FE8 /* GMBehaviorFactory.m in Sources */ = {isa = PBXBuildFile; fileRef = 22B201B915F6C1FC00394FE8 /* GMBehaviorFactory.m */; };
		22B201E415F6C1FE00394FE8 /* GMSemaphore.m in Sources */ = {isa = PBXBuildFile; fileRef = 22B201BB15F6C1FC00394FE8 /* GMSemaphore.m */; };
		22B201E515F6C1FE00394FE8 /* GMTask.m in Sources */ = {isa = PBXBuildFile; fileRef = 22B201BE15F6C1FD00394FE8 /* GMTask.m */; };
		22B201E615F6C1FE00394FE8 /* GMTaskPrinter.m in Sources */ = {isa = PBXBuildFile; fileRef = 22B201C115F6C1FD00394FE8 /* GMTaskPrinter.m */; };
		22B201E715F6C1FE00394FE8 /* GMBlackboard.m in Sources */ = {isa = PBXBuildFile; fileRef = 22B201C315F6C1FD00394FE8 /* GMBlackboard.m */; };
		22B201E815F6C1FE00394FE8 /* GMBlockTask.m in Sources */ = {isa = PBXBuildFile; fileRef = 22B201C515F6C1FD00394FE8 /* GMBlockTask.m */; };
		22B201E915F6C1FE00394FE8 /* GMRemoveBlackboardKeyAction.m in Sources */ = {isa = PBXBuildFile; fileRef = 22B201C715F6C1FD00394FE8 /* GMRemoveBlackboardKeyAction.m */; };
		22B201EA15F6C1FE00394FE8 /* GMDelayFilter.m in Sources */ = {isa = PBXBuildFile; fileRef = 22B201C915F6C1FD00394FE8 /* GMDelayFilter.m */; };
		22B201EB15F6C1FE00394FE8 /* GMFlagDecorator.m in Sources */ = {isa = PBXBuildFile; fileRef = 22B201CB15F6C1FD00394FE8 /* GMFlagDecorator.m */; };
		22B201EC15F6C1FE00394FE8 /* GMLoopingDecorator.m in Sources */ = {isa = PBXBuildFile; fileRef = 22B201CD15F6C1FD00394FE8 /* GMLoopingDecorator.m */; };
		22B201ED15F6C1FE00394FE8 /* GMNoOpAction.m in Sources */ = {isa = PBXBuildFile; fileRef = 22B201CF15F6C1FD00394FE8 /* GMNoOpAction.m */; };
		22B201EE15F6C1FE00394FE8 /* GMNotDecorator.m in Sources */ = {isa = PBXBuildFile; fileRef = 22B201D115F6C1FD00394FE8 /* GMNotDecorator.m */; };
		22B201EF15F6C1FE00394FE8 /* GMParallelSelector.m in Sources */ = {isa = PBXBuildFile; fileRef = 22B201D315F6C1FD00394FE8 /* GMParallelSelector.m */; };
		22B201F015F6C1FE00394FE8 /* GMPredicateFilter.m in Sources */ = {isa = PBXBuildFile; fileRef = 22B201D515F6C1FE00394FE8 /* GMPredicateFilter.m */; };
		22B201F115F6C1FE00394FE8 /* GMPrioritySelector.m in Sources */ = {isa = PBXBuildFile; fileRef = 22B201D715F6C1FE00394FE8 /* GMPrioritySelector.m */; };
		22B201F215F6C1FE00394FE8 /* GMSemaphoreGuardDecorator.m in Sources */ = {isa = PBXBuildFile; fileRef = 22B201D915F6C1FE00394FE8 /* GMSemaphoreGuardDecorator.m */; };
		22B201F315F6C1FE00394FE8 /* GMSequenceSelector.m in Sources */ = {isa = PBXBuildFile; fileRef = 22B201DB15F6C1FE00394FE8 /* GMSequenceSelector.m */; };
		22B201F415F6C1FE00394FE8 /* GMStatefulTask.m in Sources */ = {isa = PBXBuildFile; fileRef = 22B201DE15F6C1FE00394FE8 /* GMStatefulTask.m */; };
		22B201F515F6C1FE00394FE8 /* GMTimerAction.m in Sources */ = {isa = PBXBuildFile; fileRef = 22B201E015F6C1FE00394FE8 /* GMTimerAction.m */; };
		22B201F615F6C1FE00394FE8 /* GMWeightedSelector.m in Sources */ = {isa = PBXBuildFile; fileRef = 22B201E215F6C1FE00394FE8 /* GMWeightedSelector.m */; };
		22B201FC15F6C22200394FE8 /* GMPredicate.m in Sources */ = {isa = PBXBuildFile; fileRef = 22B201F915F6C22200394FE8 /* GMPredicate.m */; };
		22B201FD15F6C22200394FE8 /* GMFlagSetPredicate.m in Sources */ = {isa = PBXBuildFile; fileRef = 22B201FB15F6C22200394FE8 /* GMFlagSetPredicate.m */; };
/* End PBXBuildFile section */

/* Begin PBXContainerItemProxy section */
		22B200D615F6B99300394FE8 /* PBXContainerItemProxy */ = {
			isa = PBXContainerItemProxy;
			containerPortal = 22B200B615F6B99200394FE8 /* Project object */;
			proxyType = 1;
			remoteGlobalIDString = 22B200BE15F6B99300394FE8;
			remoteInfo = godmode;
		};
		22B2018B15F6BE4400394FE8 /* PBXContainerItemProxy */ = {
			isa = PBXContainerItemProxy;
			containerPortal = 22B2014915F6BC5900394FE8 /* cooocoa.xcodeproj */;
			proxyType = 2;
			remoteGlobalIDString = 229E27B11557473D001452E5;
			remoteInfo = cooocoa;
		};
		22B2018D15F6BE4400394FE8 /* PBXContainerItemProxy */ = {
			isa = PBXContainerItemProxy;
			containerPortal = 22B2014915F6BC5900394FE8 /* cooocoa.xcodeproj */;
			proxyType = 2;
			remoteGlobalIDString = 229E27C11557473D001452E5;
			remoteInfo = cooocoaTests;
		};
		22B2019015F6BE4C00394FE8 /* PBXContainerItemProxy */ = {
			isa = PBXContainerItemProxy;
			containerPortal = 22B2014915F6BC5900394FE8 /* cooocoa.xcodeproj */;
			proxyType = 1;
			remoteGlobalIDString = 229E27B01557473D001452E5;
			remoteInfo = cooocoa;
		};
/* End PBXContainerItemProxy section */

/* Begin PBXCopyFilesBuildPhase section */
		22B200BD15F6B99300394FE8 /* CopyFiles */ = {
			isa = PBXCopyFilesBuildPhase;
			buildActionMask = 2147483647;
			dstPath = "include/${PRODUCT_NAME}";
			dstSubfolderSpec = 16;
			files = (
				22B200C815F6B99300394FE8 /* godmode.h in CopyFiles */,
			);
			runOnlyForDeploymentPostprocessing = 0;
		};
/* End PBXCopyFilesBuildPhase section */

/* Begin PBXFileReference section */
		22B200BF15F6B99300394FE8 /* libgodmode.a */ = {isa = PBXFileReference; explicitFileType = archive.ar; includeInIndex = 0; path = libgodmode.a; sourceTree = BUILT_PRODUCTS_DIR; };
		22B200C215F6B99300394FE8 /* Foundation.framework */ = {isa = PBXFileReference; lastKnownFileType = wrapper.framework; name = Foundation.framework; path = System/Library/Frameworks/Foundation.framework; sourceTree = SDKROOT; };
		22B200C715F6B99300394FE8 /* godmode.h */ = {isa = PBXFileReference; lastKnownFileType = sourcecode.c.h; path = godmode.h; sourceTree = "<group>"; };
		22B200D015F6B99300394FE8 /* godmodeTests.octest */ = {isa = PBXFileReference; explicitFileType = wrapper.cfbundle; includeInIndex = 0; path = godmodeTests.octest; sourceTree = BUILT_PRODUCTS_DIR; };
		22B200D115F6B99300394FE8 /* SenTestingKit.framework */ = {isa = PBXFileReference; lastKnownFileType = wrapper.framework; name = SenTestingKit.framework; path = Library/Frameworks/SenTestingKit.framework; sourceTree = DEVELOPER_DIR; };
		22B200D315F6B99300394FE8 /* UIKit.framework */ = {isa = PBXFileReference; lastKnownFileType = wrapper.framework; name = UIKit.framework; path = Library/Frameworks/UIKit.framework; sourceTree = DEVELOPER_DIR; };
		22B200DB15F6B99300394FE8 /* godmodeTests-Info.plist */ = {isa = PBXFileReference; lastKnownFileType = text.plist.xml; path = "godmodeTests-Info.plist"; sourceTree = "<group>"; };
		22B200DD15F6B99300394FE8 /* en */ = {isa = PBXFileReference; lastKnownFileType = text.plist.strings; name = en; path = en.lproj/InfoPlist.strings; sourceTree = "<group>"; };
		22B200DF15F6B99300394FE8 /* godmodeTests.h */ = {isa = PBXFileReference; lastKnownFileType = sourcecode.c.h; path = godmodeTests.h; sourceTree = "<group>"; };
		22B200E015F6B99300394FE8 /* godmodeTests.m */ = {isa = PBXFileReference; lastKnownFileType = sourcecode.c.objc; path = godmodeTests.m; sourceTree = "<group>"; };
		22B200F215F6BA3000394FE8 /* godmode_Prefix.pch */ = {isa = PBXFileReference; lastKnownFileType = sourcecode.c.h; path = godmode_Prefix.pch; sourceTree = "<group>"; };
		22B2014915F6BC5900394FE8 /* cooocoa.xcodeproj */ = {isa = PBXFileReference; lastKnownFileType = "wrapper.pb-project"; name = cooocoa.xcodeproj; path = ../cooocoa.xcodeproj; sourceTree = COOOCOA_SRC; };
		22B201B815F6C1FC00394FE8 /* GMBehaviorFactory.h */ = {isa = PBXFileReference; fileEncoding = 4; lastKnownFileType = sourcecode.c.h; path = GMBehaviorFactory.h; sourceTree = "<group>"; };
		22B201B915F6C1FC00394FE8 /* GMBehaviorFactory.m */ = {isa = PBXFileReference; fileEncoding = 4; lastKnownFileType = sourcecode.c.objc; path = GMBehaviorFactory.m; sourceTree = "<group>"; };
		22B201BA15F6C1FC00394FE8 /* GMSemaphore.h */ = {isa = PBXFileReference; fileEncoding = 4; lastKnownFileType = sourcecode.c.h; path = GMSemaphore.h; sourceTree = "<group>"; };
		22B201BB15F6C1FC00394FE8 /* GMSemaphore.m */ = {isa = PBXFileReference; fileEncoding = 4; lastKnownFileType = sourcecode.c.objc; path = GMSemaphore.m; sourceTree = "<group>"; };
		22B201BC15F6C1FC00394FE8 /* GMTask+Protected.h */ = {isa = PBXFileReference; fileEncoding = 4; lastKnownFileType = sourcecode.c.h; path = "GMTask+Protected.h"; sourceTree = "<group>"; };
		22B201BD15F6C1FD00394FE8 /* GMTask.h */ = {isa = PBXFileReference; fileEncoding = 4; lastKnownFileType = sourcecode.c.h; path = GMTask.h; sourceTree = "<group>"; };
		22B201BE15F6C1FD00394FE8 /* GMTask.m */ = {isa = PBXFileReference; fileEncoding = 4; lastKnownFileType = sourcecode.c.objc; path = GMTask.m; sourceTree = "<group>"; };
		22B201BF15F6C1FD00394FE8 /* GMTaskContainer.h */ = {isa = PBXFileReference; fileEncoding = 4; lastKnownFileType = sourcecode.c.h; path = GMTaskContainer.h; sourceTree = "<group>"; };
		22B201C015F6C1FD00394FE8 /* GMTaskPrinter.h */ = {isa = PBXFileReference; fileEncoding = 4; lastKnownFileType = sourcecode.c.h; path = GMTaskPrinter.h; sourceTree = "<group>"; };
		22B201C115F6C1FD00394FE8 /* GMTaskPrinter.m */ = {isa = PBXFileReference; fileEncoding = 4; lastKnownFileType = sourcecode.c.objc; path = GMTaskPrinter.m; sourceTree = "<group>"; };
		22B201C215F6C1FD00394FE8 /* GMBlackboard.h */ = {isa = PBXFileReference; fileEncoding = 4; lastKnownFileType = sourcecode.c.h; path = GMBlackboard.h; sourceTree = "<group>"; };
		22B201C315F6C1FD00394FE8 /* GMBlackboard.m */ = {isa = PBXFileReference; fileEncoding = 4; lastKnownFileType = sourcecode.c.objc; path = GMBlackboard.m; sourceTree = "<group>"; };
		22B201C415F6C1FD00394FE8 /* GMBlockTask.h */ = {isa = PBXFileReference; fileEncoding = 4; lastKnownFileType = sourcecode.c.h; path = GMBlockTask.h; sourceTree = "<group>"; };
		22B201C515F6C1FD00394FE8 /* GMBlockTask.m */ = {isa = PBXFileReference; fileEncoding = 4; lastKnownFileType = sourcecode.c.objc; path = GMBlockTask.m; sourceTree = "<group>"; };
		22B201C615F6C1FD00394FE8 /* GMRemoveBlackboardKeyAction.h */ = {isa = PBXFileReference; fileEncoding = 4; lastKnownFileType = sourcecode.c.h; path = GMRemoveBlackboardKeyAction.h; sourceTree = "<group>"; };
		22B201C715F6C1FD00394FE8 /* GMRemoveBlackboardKeyAction.m */ = {isa = PBXFileReference; fileEncoding = 4; lastKnownFileType = sourcecode.c.objc; path = GMRemoveBlackboardKeyAction.m; sourceTree = "<group>"; };
		22B201C815F6C1FD00394FE8 /* GMDelayFilter.h */ = {isa = PBXFileReference; fileEncoding = 4; lastKnownFileType = sourcecode.c.h; path = GMDelayFilter.h; sourceTree = "<group>"; };
		22B201C915F6C1FD00394FE8 /* GMDelayFilter.m */ = {isa = PBXFileReference; fileEncoding = 4; lastKnownFileType = sourcecode.c.objc; path = GMDelayFilter.m; sourceTree = "<group>"; };
		22B201CA15F6C1FD00394FE8 /* GMFlagDecorator.h */ = {isa = PBXFileReference; fileEncoding = 4; lastKnownFileType = sourcecode.c.h; path = GMFlagDecorator.h; sourceTree = "<group>"; };
		22B201CB15F6C1FD00394FE8 /* GMFlagDecorator.m */ = {isa = PBXFileReference; fileEncoding = 4; lastKnownFileType = sourcecode.c.objc; path = GMFlagDecorator.m; sourceTree = "<group>"; };
		22B201CC15F6C1FD00394FE8 /* GMLoopingDecorator.h */ = {isa = PBXFileReference; fileEncoding = 4; lastKnownFileType = sourcecode.c.h; path = GMLoopingDecorator.h; sourceTree = "<group>"; };
		22B201CD15F6C1FD00394FE8 /* GMLoopingDecorator.m */ = {isa = PBXFileReference; fileEncoding = 4; lastKnownFileType = sourcecode.c.objc; path = GMLoopingDecorator.m; sourceTree = "<group>"; };
		22B201CE15F6C1FD00394FE8 /* GMNoOpAction.h */ = {isa = PBXFileReference; fileEncoding = 4; lastKnownFileType = sourcecode.c.h; path = GMNoOpAction.h; sourceTree = "<group>"; };
		22B201CF15F6C1FD00394FE8 /* GMNoOpAction.m */ = {isa = PBXFileReference; fileEncoding = 4; lastKnownFileType = sourcecode.c.objc; path = GMNoOpAction.m; sourceTree = "<group>"; };
		22B201D015F6C1FD00394FE8 /* GMNotDecorator.h */ = {isa = PBXFileReference; fileEncoding = 4; lastKnownFileType = sourcecode.c.h; path = GMNotDecorator.h; sourceTree = "<group>"; };
		22B201D115F6C1FD00394FE8 /* GMNotDecorator.m */ = {isa = PBXFileReference; fileEncoding = 4; lastKnownFileType = sourcecode.c.objc; path = GMNotDecorator.m; sourceTree = "<group>"; };
		22B201D215F6C1FD00394FE8 /* GMParallelSelector.h */ = {isa = PBXFileReference; fileEncoding = 4; lastKnownFileType = sourcecode.c.h; path = GMParallelSelector.h; sourceTree = "<group>"; };
		22B201D315F6C1FD00394FE8 /* GMParallelSelector.m */ = {isa = PBXFileReference; fileEncoding = 4; lastKnownFileType = sourcecode.c.objc; path = GMParallelSelector.m; sourceTree = "<group>"; };
		22B201D415F6C1FE00394FE8 /* GMPredicateFilter.h */ = {isa = PBXFileReference; fileEncoding = 4; lastKnownFileType = sourcecode.c.h; path = GMPredicateFilter.h; sourceTree = "<group>"; };
		22B201D515F6C1FE00394FE8 /* GMPredicateFilter.m */ = {isa = PBXFileReference; fileEncoding = 4; lastKnownFileType = sourcecode.c.objc; path = GMPredicateFilter.m; sourceTree = "<group>"; };
		22B201D615F6C1FE00394FE8 /* GMPrioritySelector.h */ = {isa = PBXFileReference; fileEncoding = 4; lastKnownFileType = sourcecode.c.h; path = GMPrioritySelector.h; sourceTree = "<group>"; };
		22B201D715F6C1FE00394FE8 /* GMPrioritySelector.m */ = {isa = PBXFileReference; fileEncoding = 4; lastKnownFileType = sourcecode.c.objc; path = GMPrioritySelector.m; sourceTree = "<group>"; };
		22B201D815F6C1FE00394FE8 /* GMSemaphoreGuardDecorator.h */ = {isa = PBXFileReference; fileEncoding = 4; lastKnownFileType = sourcecode.c.h; path = GMSemaphoreGuardDecorator.h; sourceTree = "<group>"; };
		22B201D915F6C1FE00394FE8 /* GMSemaphoreGuardDecorator.m */ = {isa = PBXFileReference; fileEncoding = 4; lastKnownFileType = sourcecode.c.objc; path = GMSemaphoreGuardDecorator.m; sourceTree = "<group>"; };
		22B201DA15F6C1FE00394FE8 /* GMSequenceSelector.h */ = {isa = PBXFileReference; fileEncoding = 4; lastKnownFileType = sourcecode.c.h; path = GMSequenceSelector.h; sourceTree = "<group>"; };
		22B201DB15F6C1FE00394FE8 /* GMSequenceSelector.m */ = {isa = PBXFileReference; fileEncoding = 4; lastKnownFileType = sourcecode.c.objc; path = GMSequenceSelector.m; sourceTree = "<group>"; };
		22B201DC15F6C1FE00394FE8 /* GMStatefulTask+Protected.h */ = {isa = PBXFileReference; fileEncoding = 4; lastKnownFileType = sourcecode.c.h; path = "GMStatefulTask+Protected.h"; sourceTree = "<group>"; };
		22B201DD15F6C1FE00394FE8 /* GMStatefulTask.h */ = {isa = PBXFileReference; fileEncoding = 4; lastKnownFileType = sourcecode.c.h; path = GMStatefulTask.h; sourceTree = "<group>"; };
		22B201DE15F6C1FE00394FE8 /* GMStatefulTask.m */ = {isa = PBXFileReference; fileEncoding = 4; lastKnownFileType = sourcecode.c.objc; path = GMStatefulTask.m; sourceTree = "<group>"; };
		22B201DF15F6C1FE00394FE8 /* GMTimerAction.h */ = {isa = PBXFileReference; fileEncoding = 4; lastKnownFileType = sourcecode.c.h; path = GMTimerAction.h; sourceTree = "<group>"; };
		22B201E015F6C1FE00394FE8 /* GMTimerAction.m */ = {isa = PBXFileReference; fileEncoding = 4; lastKnownFileType = sourcecode.c.objc; path = GMTimerAction.m; sourceTree = "<group>"; };
		22B201E115F6C1FE00394FE8 /* GMWeightedSelector.h */ = {isa = PBXFileReference; fileEncoding = 4; lastKnownFileType = sourcecode.c.h; path = GMWeightedSelector.h; sourceTree = "<group>"; };
		22B201E215F6C1FE00394FE8 /* GMWeightedSelector.m */ = {isa = PBXFileReference; fileEncoding = 4; lastKnownFileType = sourcecode.c.objc; path = GMWeightedSelector.m; sourceTree = "<group>"; };
		22B201F815F6C22200394FE8 /* GMPredicate.h */ = {isa = PBXFileReference; fileEncoding = 4; lastKnownFileType = sourcecode.c.h; path = GMPredicate.h; sourceTree = "<group>"; };
		22B201F915F6C22200394FE8 /* GMPredicate.m */ = {isa = PBXFileReference; fileEncoding = 4; lastKnownFileType = sourcecode.c.objc; path = GMPredicate.m; sourceTree = "<group>"; };
		22B201FA15F6C22200394FE8 /* GMFlagSetPredicate.h */ = {isa = PBXFileReference; fileEncoding = 4; lastKnownFileType = sourcecode.c.h; path = GMFlagSetPredicate.h; sourceTree = "<group>"; };
		22B201FB15F6C22200394FE8 /* GMFlagSetPredicate.m */ = {isa = PBXFileReference; fileEncoding = 4; lastKnownFileType = sourcecode.c.objc; path = GMFlagSetPredicate.m; sourceTree = "<group>"; };
/* End PBXFileReference section */

/* Begin PBXFrameworksBuildPhase section */
		22B200BC15F6B99300394FE8 /* Frameworks */ = {
			isa = PBXFrameworksBuildPhase;
			buildActionMask = 2147483647;
			files = (
				22B201A315F6BE6A00394FE8 /* libcooocoa.a in Frameworks */,
				22B200C315F6B99300394FE8 /* Foundation.framework in Frameworks */,
			);
			runOnlyForDeploymentPostprocessing = 0;
		};
		22B200CC15F6B99300394FE8 /* Frameworks */ = {
			isa = PBXFrameworksBuildPhase;
			buildActionMask = 2147483647;
			files = (
				22B200D215F6B99300394FE8 /* SenTestingKit.framework in Frameworks */,
				22B200D415F6B99300394FE8 /* UIKit.framework in Frameworks */,
				22B200D515F6B99300394FE8 /* Foundation.framework in Frameworks */,
				22B200D815F6B99300394FE8 /* libgodmode.a in Frameworks */,
			);
			runOnlyForDeploymentPostprocessing = 0;
		};
/* End PBXFrameworksBuildPhase section */

/* Begin PBXGroup section */
		22B200B415F6B99200394FE8 = {
			isa = PBXGroup;
			children = (
				22B2014915F6BC5900394FE8 /* cooocoa.xcodeproj */,
				22B200C415F6B99300394FE8 /* Classes */,
				22B200D915F6B99300394FE8 /* Tests */,
				22B200F115F6BA1100394FE8 /* Other Sources */,
				22B200C115F6B99300394FE8 /* Frameworks */,
				22B200C015F6B99300394FE8 /* Products */,
			);
			sourceTree = "<group>";
		};
		22B200C015F6B99300394FE8 /* Products */ = {
			isa = PBXGroup;
			children = (
				22B200BF15F6B99300394FE8 /* libgodmode.a */,
				22B200D015F6B99300394FE8 /* godmodeTests.octest */,
			);
			name = Products;
			sourceTree = "<group>";
		};
		22B200C115F6B99300394FE8 /* Frameworks */ = {
			isa = PBXGroup;
			children = (
				22B200C215F6B99300394FE8 /* Foundation.framework */,
				22B200D115F6B99300394FE8 /* SenTestingKit.framework */,
				22B200D315F6B99300394FE8 /* UIKit.framework */,
			);
			name = Frameworks;
			sourceTree = "<group>";
		};
		22B200C415F6B99300394FE8 /* Classes */ = {
			isa = PBXGroup;
			children = (
				22B200C715F6B99300394FE8 /* godmode.h */,
				22B2020615F6C6B000394FE8 /* Action */,
				22B2020915F6C76900394FE8 /* Base */,
				22B2020715F6C6DF00394FE8 /* Decorator */,
				22B2020415F6C66400394FE8 /* Predicate */,
				22B2020515F6C67C00394FE8 /* Selector */,
				22B2020815F6C73E00394FE8 /* Util */,
			);
			path = Classes;
			sourceTree = "<group>";
		};
		22B200D915F6B99300394FE8 /* Tests */ = {
			isa = PBXGroup;
			children = (
				22B200DF15F6B99300394FE8 /* godmodeTests.h */,
				22B200E015F6B99300394FE8 /* godmodeTests.m */,
				22B200DA15F6B99300394FE8 /* Supporting Files */,
			);
			path = Tests;
			sourceTree = "<group>";
		};
		22B200DA15F6B99300394FE8 /* Supporting Files */ = {
			isa = PBXGroup;
			children = (
				22B200DB15F6B99300394FE8 /* godmodeTests-Info.plist */,
				22B200DC15F6B99300394FE8 /* InfoPlist.strings */,
			);
			name = "Supporting Files";
			sourceTree = "<group>";
		};
		22B200F115F6BA1100394FE8 /* Other Sources */ = {
			isa = PBXGroup;
			children = (
				22B200F215F6BA3000394FE8 /* godmode_Prefix.pch */,
			);
			name = "Other Sources";
			sourceTree = "<group>";
		};
		22B2018715F6BE4400394FE8 /* Products */ = {
			isa = PBXGroup;
			children = (
				22B2018C15F6BE4400394FE8 /* libcooocoa.a */,
				22B2018E15F6BE4400394FE8 /* cooocoaTests.octest */,
			);
			name = Products;
			sourceTree = "<group>";
		};
		22B2020415F6C66400394FE8 /* Predicate */ = {
			isa = PBXGroup;
			children = (
				22B201FA15F6C22200394FE8 /* GMFlagSetPredicate.h */,
				22B201FB15F6C22200394FE8 /* GMFlagSetPredicate.m */,
				22B201F815F6C22200394FE8 /* GMPredicate.h */,
				22B201F915F6C22200394FE8 /* GMPredicate.m */,
			);
			name = Predicate;
			sourceTree = "<group>";
		};
		22B2020515F6C67C00394FE8 /* Selector */ = {
			isa = PBXGroup;
			children = (
				22B201D215F6C1FD00394FE8 /* GMParallelSelector.h */,
				22B201D315F6C1FD00394FE8 /* GMParallelSelector.m */,
				22B201D615F6C1FE00394FE8 /* GMPrioritySelector.h */,
				22B201D715F6C1FE00394FE8 /* GMPrioritySelector.m */,
				22B201DA15F6C1FE00394FE8 /* GMSequenceSelector.h */,
				22B201DB15F6C1FE00394FE8 /* GMSequenceSelector.m */,
				22B201E115F6C1FE00394FE8 /* GMWeightedSelector.h */,
				22B201E215F6C1FE00394FE8 /* GMWeightedSelector.m */,
			);
			name = Selector;
			sourceTree = "<group>";
		};
		22B2020615F6C6B000394FE8 /* Action */ = {
			isa = PBXGroup;
			children = (
				22B201CE15F6C1FD00394FE8 /* GMNoOpAction.h */,
				22B201CF15F6C1FD00394FE8 /* GMNoOpAction.m */,
				22B201C615F6C1FD00394FE8 /* GMRemoveBlackboardKeyAction.h */,
				22B201C715F6C1FD00394FE8 /* GMRemoveBlackboardKeyAction.m */,
				22B201DF15F6C1FE00394FE8 /* GMTimerAction.h */,
				22B201E015F6C1FE00394FE8 /* GMTimerAction.m */,
			);
			name = Action;
			sourceTree = "<group>";
		};
		22B2020715F6C6DF00394FE8 /* Decorator */ = {
			isa = PBXGroup;
			children = (
				22B201C815F6C1FD00394FE8 /* GMDelayFilter.h */,
				22B201C915F6C1FD00394FE8 /* GMDelayFilter.m */,
				22B201CA15F6C1FD00394FE8 /* GMFlagDecorator.h */,
				22B201CB15F6C1FD00394FE8 /* GMFlagDecorator.m */,
				22B201CC15F6C1FD00394FE8 /* GMLoopingDecorator.h */,
				22B201CD15F6C1FD00394FE8 /* GMLoopingDecorator.m */,
				22B201D015F6C1FD00394FE8 /* GMNotDecorator.h */,
				22B201D115F6C1FD00394FE8 /* GMNotDecorator.m */,
				22B201D415F6C1FE00394FE8 /* GMPredicateFilter.h */,
				22B201D515F6C1FE00394FE8 /* GMPredicateFilter.m */,
				22B201D815F6C1FE00394FE8 /* GMSemaphoreGuardDecorator.h */,
				22B201D915F6C1FE00394FE8 /* GMSemaphoreGuardDecorator.m */,
			);
			name = Decorator;
			sourceTree = "<group>";
		};
		22B2020815F6C73E00394FE8 /* Util */ = {
			isa = PBXGroup;
			children = (
				22B201B815F6C1FC00394FE8 /* GMBehaviorFactory.h */,
				22B201B915F6C1FC00394FE8 /* GMBehaviorFactory.m */,
				22B201C015F6C1FD00394FE8 /* GMTaskPrinter.h */,
				22B201C115F6C1FD00394FE8 /* GMTaskPrinter.m */,
			);
			name = Util;
			sourceTree = "<group>";
		};
		22B2020915F6C76900394FE8 /* Base */ = {
			isa = PBXGroup;
			children = (
				22B201C215F6C1FD00394FE8 /* GMBlackboard.h */,
				22B201C315F6C1FD00394FE8 /* GMBlackboard.m */,
				22B201C415F6C1FD00394FE8 /* GMBlockTask.h */,
				22B201C515F6C1FD00394FE8 /* GMBlockTask.m */,
				22B201BA15F6C1FC00394FE8 /* GMSemaphore.h */,
				22B201BB15F6C1FC00394FE8 /* GMSemaphore.m */,
				22B201DC15F6C1FE00394FE8 /* GMStatefulTask+Protected.h */,
				22B201DD15F6C1FE00394FE8 /* GMStatefulTask.h */,
				22B201DE15F6C1FE00394FE8 /* GMStatefulTask.m */,
				22B201BC15F6C1FC00394FE8 /* GMTask+Protected.h */,
				22B201BD15F6C1FD00394FE8 /* GMTask.h */,
				22B201BE15F6C1FD00394FE8 /* GMTask.m */,
				22B201BF15F6C1FD00394FE8 /* GMTaskContainer.h */,
			);
			name = Base;
			sourceTree = "<group>";
		};
/* End PBXGroup section */

/* Begin PBXNativeTarget section */
		22B200BE15F6B99300394FE8 /* godmode */ = {
			isa = PBXNativeTarget;
			buildConfigurationList = 22B200E415F6B99300394FE8 /* Build configuration list for PBXNativeTarget "godmode" */;
			buildPhases = (
				22B200BB15F6B99300394FE8 /* Sources */,
				22B200BC15F6B99300394FE8 /* Frameworks */,
				22B200BD15F6B99300394FE8 /* CopyFiles */,
			);
			buildRules = (
			);
			dependencies = (
				22B2019115F6BE4C00394FE8 /* PBXTargetDependency */,
			);
			name = godmode;
			productName = godmode;
			productReference = 22B200BF15F6B99300394FE8 /* libgodmode.a */;
			productType = "com.apple.product-type.library.static";
		};
		22B200CF15F6B99300394FE8 /* godmodeTests */ = {
			isa = PBXNativeTarget;
			buildConfigurationList = 22B200E715F6B99300394FE8 /* Build configuration list for PBXNativeTarget "godmodeTests" */;
			buildPhases = (
				22B200CB15F6B99300394FE8 /* Sources */,
				22B200CC15F6B99300394FE8 /* Frameworks */,
				22B200CD15F6B99300394FE8 /* Resources */,
				22B200CE15F6B99300394FE8 /* ShellScript */,
			);
			buildRules = (
			);
			dependencies = (
				22B200D715F6B99300394FE8 /* PBXTargetDependency */,
			);
			name = godmodeTests;
			productName = godmodeTests;
			productReference = 22B200D015F6B99300394FE8 /* godmodeTests.octest */;
			productType = "com.apple.product-type.bundle";
		};
/* End PBXNativeTarget section */

/* Begin PBXProject section */
		22B200B615F6B99200394FE8 /* Project object */ = {
			isa = PBXProject;
			attributes = {
				CLASSPREFIX = GM;
				LastUpgradeCheck = 0440;
				ORGANIZATIONNAME = "Three Rings";
			};
			buildConfigurationList = 22B200B915F6B99200394FE8 /* Build configuration list for PBXProject "godmode" */;
			compatibilityVersion = "Xcode 3.2";
			developmentRegion = English;
			hasScannedForEncodings = 0;
			knownRegions = (
				en,
			);
			mainGroup = 22B200B415F6B99200394FE8;
			productRefGroup = 22B200C015F6B99300394FE8 /* Products */;
			projectDirPath = "";
			projectReferences = (
				{
					ProductGroup = 22B2018715F6BE4400394FE8 /* Products */;
					ProjectRef = 22B2014915F6BC5900394FE8 /* cooocoa.xcodeproj */;
				},
			);
			projectRoot = "";
			targets = (
				22B200BE15F6B99300394FE8 /* godmode */,
				22B200CF15F6B99300394FE8 /* godmodeTests */,
			);
		};
/* End PBXProject section */

/* Begin PBXReferenceProxy section */
		22B2018C15F6BE4400394FE8 /* libcooocoa.a */ = {
			isa = PBXReferenceProxy;
			fileType = archive.ar;
			path = libcooocoa.a;
			remoteRef = 22B2018B15F6BE4400394FE8 /* PBXContainerItemProxy */;
			sourceTree = BUILT_PRODUCTS_DIR;
		};
		22B2018E15F6BE4400394FE8 /* cooocoaTests.octest */ = {
			isa = PBXReferenceProxy;
			fileType = wrapper.cfbundle;
			path = cooocoaTests.octest;
			remoteRef = 22B2018D15F6BE4400394FE8 /* PBXContainerItemProxy */;
			sourceTree = BUILT_PRODUCTS_DIR;
		};
/* End PBXReferenceProxy section */

/* Begin PBXResourcesBuildPhase section */
		22B200CD15F6B99300394FE8 /* Resources */ = {
			isa = PBXResourcesBuildPhase;
			buildActionMask = 2147483647;
			files = (
				22B200DE15F6B99300394FE8 /* InfoPlist.strings in Resources */,
			);
			runOnlyForDeploymentPostprocessing = 0;
		};
/* End PBXResourcesBuildPhase section */

/* Begin PBXShellScriptBuildPhase section */
		22B200CE15F6B99300394FE8 /* ShellScript */ = {
			isa = PBXShellScriptBuildPhase;
			buildActionMask = 2147483647;
			files = (
			);
			inputPaths = (
			);
			outputPaths = (
			);
			runOnlyForDeploymentPostprocessing = 0;
			shellPath = /bin/sh;
			shellScript = "# Run the unit tests in this test bundle.\n\"${SYSTEM_DEVELOPER_DIR}/Tools/RunUnitTests\"\n";
		};
/* End PBXShellScriptBuildPhase section */

/* Begin PBXSourcesBuildPhase section */
		22B200BB15F6B99300394FE8 /* Sources */ = {
			isa = PBXSourcesBuildPhase;
			buildActionMask = 2147483647;
			files = (
				22B201E315F6C1FE00394FE8 /* GMBehaviorFactory.m in Sources */,
				22B201E415F6C1FE00394FE8 /* GMSemaphore.m in Sources */,
				22B201E515F6C1FE00394FE8 /* GMTask.m in Sources */,
				22B201E615F6C1FE00394FE8 /* GMTaskPrinter.m in Sources */,
				22B201E715F6C1FE00394FE8 /* GMBlackboard.m in Sources */,
				22B201E815F6C1FE00394FE8 /* GMBlockTask.m in Sources */,
				22B201E915F6C1FE00394FE8 /* GMRemoveBlackboardKeyAction.m in Sources */,
				22B201EA15F6C1FE00394FE8 /* GMDelayFilter.m in Sources */,
				22B201EB15F6C1FE00394FE8 /* GMFlagDecorator.m in Sources */,
				22B201EC15F6C1FE00394FE8 /* GMLoopingDecorator.m in Sources */,
				22B201ED15F6C1FE00394FE8 /* GMNoOpAction.m in Sources */,
				22B201EE15F6C1FE00394FE8 /* GMNotDecorator.m in Sources */,
				22B201EF15F6C1FE00394FE8 /* GMParallelSelector.m in Sources */,
				22B201F015F6C1FE00394FE8 /* GMPredicateFilter.m in Sources */,
				22B201F115F6C1FE00394FE8 /* GMPrioritySelector.m in Sources */,
				22B201F215F6C1FE00394FE8 /* GMSemaphoreGuardDecorator.m in Sources */,
				22B201F315F6C1FE00394FE8 /* GMSequenceSelector.m in Sources */,
				22B201F415F6C1FE00394FE8 /* GMStatefulTask.m in Sources */,
				22B201F515F6C1FE00394FE8 /* GMTimerAction.m in Sources */,
				22B201F615F6C1FE00394FE8 /* GMWeightedSelector.m in Sources */,
				22B201FC15F6C22200394FE8 /* GMPredicate.m in Sources */,
				22B201FD15F6C22200394FE8 /* GMFlagSetPredicate.m in Sources */,
			);
			runOnlyForDeploymentPostprocessing = 0;
		};
		22B200CB15F6B99300394FE8 /* Sources */ = {
			isa = PBXSourcesBuildPhase;
			buildActionMask = 2147483647;
			files = (
				22B200E115F6B99300394FE8 /* godmodeTests.m in Sources */,
			);
			runOnlyForDeploymentPostprocessing = 0;
		};
/* End PBXSourcesBuildPhase section */

/* Begin PBXTargetDependency section */
		22B200D715F6B99300394FE8 /* PBXTargetDependency */ = {
			isa = PBXTargetDependency;
			target = 22B200BE15F6B99300394FE8 /* godmode */;
			targetProxy = 22B200D615F6B99300394FE8 /* PBXContainerItemProxy */;
		};
		22B2019115F6BE4C00394FE8 /* PBXTargetDependency */ = {
			isa = PBXTargetDependency;
			name = cooocoa;
			targetProxy = 22B2019015F6BE4C00394FE8 /* PBXContainerItemProxy */;
		};
/* End PBXTargetDependency section */

/* Begin PBXVariantGroup section */
		22B200DC15F6B99300394FE8 /* InfoPlist.strings */ = {
			isa = PBXVariantGroup;
			children = (
				22B200DD15F6B99300394FE8 /* en */,
			);
			name = InfoPlist.strings;
			sourceTree = "<group>";
		};
/* End PBXVariantGroup section */

/* Begin XCBuildConfiguration section */
		22B200E215F6B99300394FE8 /* Debug */ = {
			isa = XCBuildConfiguration;
			buildSettings = {
				ALWAYS_SEARCH_USER_PATHS = NO;
				ARCHS = "$(ARCHS_STANDARD_32_BIT)";
				CLANG_CXX_LANGUAGE_STANDARD = "gnu++0x";
				CLANG_ENABLE_OBJC_ARC = YES;
				CLANG_WARN__DUPLICATE_METHOD_MATCH = YES;
				COPY_PHASE_STRIP = NO;
				GCC_C_LANGUAGE_STANDARD = gnu99;
				GCC_DYNAMIC_NO_PIC = NO;
				GCC_OPTIMIZATION_LEVEL = 0;
				GCC_PREPROCESSOR_DEFINITIONS = (
					"DEBUG=1",
					"$(inherited)",
				);
				GCC_SYMBOLS_PRIVATE_EXTERN = NO;
				GCC_VERSION = com.apple.compilers.llvm.clang.1_0;
				GCC_WARN_ABOUT_RETURN_TYPE = YES;
				GCC_WARN_UNINITIALIZED_AUTOS = YES;
				GCC_WARN_UNUSED_VARIABLE = YES;
				HEADER_SEARCH_PATHS = /usr/include/libxml2;
				IPHONEOS_DEPLOYMENT_TARGET = 5.0;
				OTHER_LDFLAGS = (
					"-ObjC",
					"-all_load",
				);
				SDKROOT = iphoneos;
				USER_HEADER_SEARCH_PATHS = "${COOOCOA_SRC}/**";
			};
			name = Debug;
		};
		22B200E315F6B99300394FE8 /* Release */ = {
			isa = XCBuildConfiguration;
			buildSettings = {
				ALWAYS_SEARCH_USER_PATHS = NO;
				ARCHS = "$(ARCHS_STANDARD_32_BIT)";
				CLANG_CXX_LANGUAGE_STANDARD = "gnu++0x";
				CLANG_ENABLE_OBJC_ARC = YES;
				CLANG_WARN__DUPLICATE_METHOD_MATCH = YES;
				COPY_PHASE_STRIP = YES;
				GCC_C_LANGUAGE_STANDARD = gnu99;
				GCC_VERSION = com.apple.compilers.llvm.clang.1_0;
				GCC_WARN_ABOUT_RETURN_TYPE = YES;
				GCC_WARN_UNINITIALIZED_AUTOS = YES;
				GCC_WARN_UNUSED_VARIABLE = YES;
				HEADER_SEARCH_PATHS = /usr/include/libxml2;
				IPHONEOS_DEPLOYMENT_TARGET = 5.0;
				OTHER_LDFLAGS = (
					"-ObjC",
					"-all_load",
				);
				SDKROOT = iphoneos;
				USER_HEADER_SEARCH_PATHS = "${COOOCOA_SRC}/**";
				VALIDATE_PRODUCT = YES;
			};
			name = Release;
		};
		22B200E515F6B99300394FE8 /* Debug */ = {
			isa = XCBuildConfiguration;
			buildSettings = {
				DSTROOT = /tmp/godmode.dst;
				GCC_PRECOMPILE_PREFIX_HEADER = YES;
				GCC_PREFIX_HEADER = godmode_Prefix.pch;
				OTHER_LDFLAGS = "-ObjC";
				PRODUCT_NAME = "$(TARGET_NAME)";
				SKIP_INSTALL = YES;
			};
			name = Debug;
		};
		22B200E615F6B99300394FE8 /* Release */ = {
			isa = XCBuildConfiguration;
			buildSettings = {
				DSTROOT = /tmp/godmode.dst;
				GCC_PRECOMPILE_PREFIX_HEADER = YES;
				GCC_PREFIX_HEADER = godmode_Prefix.pch;
				OTHER_LDFLAGS = "-ObjC";
				PRODUCT_NAME = "$(TARGET_NAME)";
				SKIP_INSTALL = YES;
			};
			name = Release;
		};
		22B200E815F6B99300394FE8 /* Debug */ = {
			isa = XCBuildConfiguration;
			buildSettings = {
				FRAMEWORK_SEARCH_PATHS = (
					"\"$(SDKROOT)/Developer/Library/Frameworks\"",
					"\"$(DEVELOPER_LIBRARY_DIR)/Frameworks\"",
				);
				GCC_PRECOMPILE_PREFIX_HEADER = YES;
				GCC_PREFIX_HEADER = godmode_Prefix.pch;
				INFOPLIST_FILE = "Tests/godmodeTests-Info.plist";
				PRODUCT_NAME = "$(TARGET_NAME)";
				WRAPPER_EXTENSION = octest;
			};
			name = Debug;
		};
		22B200E915F6B99300394FE8 /* Release */ = {
			isa = XCBuildConfiguration;
			buildSettings = {
				FRAMEWORK_SEARCH_PATHS = (
					"\"$(SDKROOT)/Developer/Library/Frameworks\"",
					"\"$(DEVELOPER_LIBRARY_DIR)/Frameworks\"",
				);
				GCC_PRECOMPILE_PREFIX_HEADER = YES;
				GCC_PREFIX_HEADER = godmode_Prefix.pch;
				INFOPLIST_FILE = "Tests/godmodeTests-Info.plist";
				PRODUCT_NAME = "$(TARGET_NAME)";
				WRAPPER_EXTENSION = octest;
			};
			name = Release;
		};
/* End XCBuildConfiguration section */

/* Begin XCConfigurationList section */
		22B200B915F6B99200394FE8 /* Build configuration list for PBXProject "godmode" */ = {
			isa = XCConfigurationList;
			buildConfigurations = (
				22B200E215F6B99300394FE8 /* Debug */,
				22B200E315F6B99300394FE8 /* Release */,
			);
			defaultConfigurationIsVisible = 0;
			defaultConfigurationName = Release;
		};
		22B200E415F6B99300394FE8 /* Build configuration list for PBXNativeTarget "godmode" */ = {
			isa = XCConfigurationList;
			buildConfigurations = (
				22B200E515F6B99300394FE8 /* Debug */,
				22B200E615F6B99300394FE8 /* Release */,
			);
			defaultConfigurationIsVisible = 0;
			defaultConfigurationName = Release;
		};
		22B200E715F6B99300394FE8 /* Build configuration list for PBXNativeTarget "godmodeTests" */ = {
			isa = XCConfigurationList;
			buildConfigurations = (
				22B200E815F6B99300394FE8 /* Debug */,
				22B200E915F6B99300394FE8 /* Release */,
			);
			defaultConfigurationIsVisible = 0;
			defaultConfigurationName = Release;
		};
/* End XCConfigurationList section */
	};
	rootObject = 22B200B615F6B99200394FE8 /* Project object */;
}
