// !$*UTF8*$!
{
	archiveVersion = 1;
	classes = {
	};
	objectVersion = 46;
	objects = {

/* Begin PBXBuildFile section */
		22B200C315F6B99300394FE8 /* Foundation.framework in Frameworks */ = {isa = PBXBuildFile; fileRef = 22B200C215F6B99300394FE8 /* Foundation.framework */; };
		22B200C815F6B99300394FE8 /* godmode.h in CopyFiles */ = {isa = PBXBuildFile; fileRef = 22B200C715F6B99300394FE8 /* godmode.h */; };
		22B200CA15F6B99300394FE8 /* godmode.m in Sources */ = {isa = PBXBuildFile; fileRef = 22B200C915F6B99300394FE8 /* godmode.m */; };
		22B200D215F6B99300394FE8 /* SenTestingKit.framework in Frameworks */ = {isa = PBXBuildFile; fileRef = 22B200D115F6B99300394FE8 /* SenTestingKit.framework */; };
		22B200D415F6B99300394FE8 /* UIKit.framework in Frameworks */ = {isa = PBXBuildFile; fileRef = 22B200D315F6B99300394FE8 /* UIKit.framework */; };
		22B200D515F6B99300394FE8 /* Foundation.framework in Frameworks */ = {isa = PBXBuildFile; fileRef = 22B200C215F6B99300394FE8 /* Foundation.framework */; };
		22B200D815F6B99300394FE8 /* libgodmode.a in Frameworks */ = {isa = PBXBuildFile; fileRef = 22B200BF15F6B99300394FE8 /* libgodmode.a */; };
		22B200DE15F6B99300394FE8 /* InfoPlist.strings in Resources */ = {isa = PBXBuildFile; fileRef = 22B200DC15F6B99300394FE8 /* InfoPlist.strings */; };
		22B200E115F6B99300394FE8 /* godmodeTests.m in Sources */ = {isa = PBXBuildFile; fileRef = 22B200E015F6B99300394FE8 /* godmodeTests.m */; };
/* End PBXBuildFile section */

/* Begin PBXContainerItemProxy section */
		22B200D615F6B99300394FE8 /* PBXContainerItemProxy */ = {
			isa = PBXContainerItemProxy;
			containerPortal = 22B200B615F6B99200394FE8 /* Project object */;
			proxyType = 1;
			remoteGlobalIDString = 22B200BE15F6B99300394FE8;
			remoteInfo = godmode;
		};
/* End PBXContainerItemProxy section */

/* Begin PBXCopyFilesBuildPhase section */
		22B200BD15F6B99300394FE8 /* CopyFiles */ = {
			isa = PBXCopyFilesBuildPhase;
			buildActionMask = 2147483647;
			dstPath = "include/${PRODUCT_NAME}";
			dstSubfolderSpec = 16;
			files = (
				22B200C815F6B99300394FE8 /* godmode.h in CopyFiles */,
			);
			runOnlyForDeploymentPostprocessing = 0;
		};
/* End PBXCopyFilesBuildPhase section */

/* Begin PBXFileReference section */
		22B200BF15F6B99300394FE8 /* libgodmode.a */ = {isa = PBXFileReference; explicitFileType = archive.ar; includeInIndex = 0; path = libgodmode.a; sourceTree = BUILT_PRODUCTS_DIR; };
		22B200C215F6B99300394FE8 /* Foundation.framework */ = {isa = PBXFileReference; lastKnownFileType = wrapper.framework; name = Foundation.framework; path = System/Library/Frameworks/Foundation.framework; sourceTree = SDKROOT; };
		22B200C715F6B99300394FE8 /* godmode.h */ = {isa = PBXFileReference; lastKnownFileType = sourcecode.c.h; path = godmode.h; sourceTree = "<group>"; };
		22B200C915F6B99300394FE8 /* godmode.m */ = {isa = PBXFileReference; lastKnownFileType = sourcecode.c.objc; path = godmode.m; sourceTree = "<group>"; };
		22B200D015F6B99300394FE8 /* godmodeTests.octest */ = {isa = PBXFileReference; explicitFileType = wrapper.cfbundle; includeInIndex = 0; path = godmodeTests.octest; sourceTree = BUILT_PRODUCTS_DIR; };
		22B200D115F6B99300394FE8 /* SenTestingKit.framework */ = {isa = PBXFileReference; lastKnownFileType = wrapper.framework; name = SenTestingKit.framework; path = Library/Frameworks/SenTestingKit.framework; sourceTree = DEVELOPER_DIR; };
		22B200D315F6B99300394FE8 /* UIKit.framework */ = {isa = PBXFileReference; lastKnownFileType = wrapper.framework; name = UIKit.framework; path = Library/Frameworks/UIKit.framework; sourceTree = DEVELOPER_DIR; };
		22B200DB15F6B99300394FE8 /* godmodeTests-Info.plist */ = {isa = PBXFileReference; lastKnownFileType = text.plist.xml; path = "godmodeTests-Info.plist"; sourceTree = "<group>"; };
		22B200DD15F6B99300394FE8 /* en */ = {isa = PBXFileReference; lastKnownFileType = text.plist.strings; name = en; path = en.lproj/InfoPlist.strings; sourceTree = "<group>"; };
		22B200DF15F6B99300394FE8 /* godmodeTests.h */ = {isa = PBXFileReference; lastKnownFileType = sourcecode.c.h; path = godmodeTests.h; sourceTree = "<group>"; };
		22B200E015F6B99300394FE8 /* godmodeTests.m */ = {isa = PBXFileReference; lastKnownFileType = sourcecode.c.objc; path = godmodeTests.m; sourceTree = "<group>"; };
		22B200F215F6BA3000394FE8 /* godmode_Prefix.pch */ = {isa = PBXFileReference; lastKnownFileType = sourcecode.c.h; path = godmode_Prefix.pch; sourceTree = "<group>"; };
/* End PBXFileReference section */

/* Begin PBXFrameworksBuildPhase section */
		22B200BC15F6B99300394FE8 /* Frameworks */ = {
			isa = PBXFrameworksBuildPhase;
			buildActionMask = 2147483647;
			files = (
				22B200C315F6B99300394FE8 /* Foundation.framework in Frameworks */,
			);
			runOnlyForDeploymentPostprocessing = 0;
		};
		22B200CC15F6B99300394FE8 /* Frameworks */ = {
			isa = PBXFrameworksBuildPhase;
			buildActionMask = 2147483647;
			files = (
				22B200D215F6B99300394FE8 /* SenTestingKit.framework in Frameworks */,
				22B200D415F6B99300394FE8 /* UIKit.framework in Frameworks */,
				22B200D515F6B99300394FE8 /* Foundation.framework in Frameworks */,
				22B200D815F6B99300394FE8 /* libgodmode.a in Frameworks */,
			);
			runOnlyForDeploymentPostprocessing = 0;
		};
/* End PBXFrameworksBuildPhase section */

/* Begin PBXGroup section */
		22B200B415F6B99200394FE8 = {
			isa = PBXGroup;
			children = (
				22B200C415F6B99300394FE8 /* Classes */,
				22B200D915F6B99300394FE8 /* Tests */,
				22B200F115F6BA1100394FE8 /* Other Sources */,
				22B200C115F6B99300394FE8 /* Frameworks */,
				22B200C015F6B99300394FE8 /* Products */,
			);
			sourceTree = "<group>";
		};
		22B200C015F6B99300394FE8 /* Products */ = {
			isa = PBXGroup;
			children = (
				22B200BF15F6B99300394FE8 /* libgodmode.a */,
				22B200D015F6B99300394FE8 /* godmodeTests.octest */,
			);
			name = Products;
			sourceTree = "<group>";
		};
		22B200C115F6B99300394FE8 /* Frameworks */ = {
			isa = PBXGroup;
			children = (
				22B200C215F6B99300394FE8 /* Foundation.framework */,
				22B200D115F6B99300394FE8 /* SenTestingKit.framework */,
				22B200D315F6B99300394FE8 /* UIKit.framework */,
			);
			name = Frameworks;
			sourceTree = "<group>";
		};
		22B200C415F6B99300394FE8 /* Classes */ = {
			isa = PBXGroup;
			children = (
				22B200C715F6B99300394FE8 /* godmode.h */,
				22B200C915F6B99300394FE8 /* godmode.m */,
			);
			path = Classes;
			sourceTree = "<group>";
		};
		22B200D915F6B99300394FE8 /* Tests */ = {
			isa = PBXGroup;
			children = (
				22B200DF15F6B99300394FE8 /* godmodeTests.h */,
				22B200E015F6B99300394FE8 /* godmodeTests.m */,
				22B200DA15F6B99300394FE8 /* Supporting Files */,
			);
			path = Tests;
			sourceTree = "<group>";
		};
		22B200DA15F6B99300394FE8 /* Supporting Files */ = {
			isa = PBXGroup;
			children = (
				22B200DB15F6B99300394FE8 /* godmodeTests-Info.plist */,
				22B200DC15F6B99300394FE8 /* InfoPlist.strings */,
			);
			name = "Supporting Files";
			sourceTree = "<group>";
		};
		22B200F115F6BA1100394FE8 /* Other Sources */ = {
			isa = PBXGroup;
			children = (
				22B200F215F6BA3000394FE8 /* godmode_Prefix.pch */,
			);
			name = "Other Sources";
			sourceTree = "<group>";
		};
/* End PBXGroup section */

/* Begin PBXNativeTarget section */
		22B200BE15F6B99300394FE8 /* godmode */ = {
			isa = PBXNativeTarget;
			buildConfigurationList = 22B200E415F6B99300394FE8 /* Build configuration list for PBXNativeTarget "godmode" */;
			buildPhases = (
				22B200BB15F6B99300394FE8 /* Sources */,
				22B200BC15F6B99300394FE8 /* Frameworks */,
				22B200BD15F6B99300394FE8 /* CopyFiles */,
			);
			buildRules = (
			);
			dependencies = (
			);
			name = godmode;
			productName = godmode;
			productReference = 22B200BF15F6B99300394FE8 /* libgodmode.a */;
			productType = "com.apple.product-type.library.static";
		};
		22B200CF15F6B99300394FE8 /* godmodeTests */ = {
			isa = PBXNativeTarget;
			buildConfigurationList = 22B200E715F6B99300394FE8 /* Build configuration list for PBXNativeTarget "godmodeTests" */;
			buildPhases = (
				22B200CB15F6B99300394FE8 /* Sources */,
				22B200CC15F6B99300394FE8 /* Frameworks */,
				22B200CD15F6B99300394FE8 /* Resources */,
				22B200CE15F6B99300394FE8 /* ShellScript */,
			);
			buildRules = (
			);
			dependencies = (
				22B200D715F6B99300394FE8 /* PBXTargetDependency */,
			);
			name = godmodeTests;
			productName = godmodeTests;
			productReference = 22B200D015F6B99300394FE8 /* godmodeTests.octest */;
			productType = "com.apple.product-type.bundle";
		};
/* End PBXNativeTarget section */

/* Begin PBXProject section */
		22B200B615F6B99200394FE8 /* Project object */ = {
			isa = PBXProject;
			attributes = {
				LastUpgradeCheck = 0440;
				ORGANIZATIONNAME = "Three Rings";
			};
			buildConfigurationList = 22B200B915F6B99200394FE8 /* Build configuration list for PBXProject "godmode" */;
			compatibilityVersion = "Xcode 3.2";
			developmentRegion = English;
			hasScannedForEncodings = 0;
			knownRegions = (
				en,
			);
			mainGroup = 22B200B415F6B99200394FE8;
			productRefGroup = 22B200C015F6B99300394FE8 /* Products */;
			projectDirPath = "";
			projectRoot = "";
			targets = (
				22B200BE15F6B99300394FE8 /* godmode */,
				22B200CF15F6B99300394FE8 /* godmodeTests */,
			);
		};
/* End PBXProject section */

/* Begin PBXResourcesBuildPhase section */
		22B200CD15F6B99300394FE8 /* Resources */ = {
			isa = PBXResourcesBuildPhase;
			buildActionMask = 2147483647;
			files = (
				22B200DE15F6B99300394FE8 /* InfoPlist.strings in Resources */,
			);
			runOnlyForDeploymentPostprocessing = 0;
		};
/* End PBXResourcesBuildPhase section */

/* Begin PBXShellScriptBuildPhase section */
		22B200CE15F6B99300394FE8 /* ShellScript */ = {
			isa = PBXShellScriptBuildPhase;
			buildActionMask = 2147483647;
			files = (
			);
			inputPaths = (
			);
			outputPaths = (
			);
			runOnlyForDeploymentPostprocessing = 0;
			shellPath = /bin/sh;
			shellScript = "# Run the unit tests in this test bundle.\n\"${SYSTEM_DEVELOPER_DIR}/Tools/RunUnitTests\"\n";
		};
/* End PBXShellScriptBuildPhase section */

/* Begin PBXSourcesBuildPhase section */
		22B200BB15F6B99300394FE8 /* Sources */ = {
			isa = PBXSourcesBuildPhase;
			buildActionMask = 2147483647;
			files = (
				22B200CA15F6B99300394FE8 /* godmode.m in Sources */,
			);
			runOnlyForDeploymentPostprocessing = 0;
		};
		22B200CB15F6B99300394FE8 /* Sources */ = {
			isa = PBXSourcesBuildPhase;
			buildActionMask = 2147483647;
			files = (
				22B200E115F6B99300394FE8 /* godmodeTests.m in Sources */,
			);
			runOnlyForDeploymentPostprocessing = 0;
		};
/* End PBXSourcesBuildPhase section */

/* Begin PBXTargetDependency section */
		22B200D715F6B99300394FE8 /* PBXTargetDependency */ = {
			isa = PBXTargetDependency;
			target = 22B200BE15F6B99300394FE8 /* godmode */;
			targetProxy = 22B200D615F6B99300394FE8 /* PBXContainerItemProxy */;
		};
/* End PBXTargetDependency section */

/* Begin PBXVariantGroup section */
		22B200DC15F6B99300394FE8 /* InfoPlist.strings */ = {
			isa = PBXVariantGroup;
			children = (
				22B200DD15F6B99300394FE8 /* en */,
			);
			name = InfoPlist.strings;
			sourceTree = "<group>";
		};
/* End PBXVariantGroup section */

/* Begin XCBuildConfiguration section */
		22B200E215F6B99300394FE8 /* Debug */ = {
			isa = XCBuildConfiguration;
			buildSettings = {
				ALWAYS_SEARCH_USER_PATHS = NO;
				ARCHS = "$(ARCHS_STANDARD_32_BIT)";
				CLANG_CXX_LANGUAGE_STANDARD = "gnu++0x";
				CLANG_ENABLE_OBJC_ARC = YES;
				CLANG_WARN__DUPLICATE_METHOD_MATCH = YES;
				COPY_PHASE_STRIP = NO;
				GCC_C_LANGUAGE_STANDARD = gnu99;
				GCC_DYNAMIC_NO_PIC = NO;
				GCC_OPTIMIZATION_LEVEL = 0;
				GCC_PREPROCESSOR_DEFINITIONS = (
					"DEBUG=1",
					"$(inherited)",
				);
				GCC_SYMBOLS_PRIVATE_EXTERN = NO;
				GCC_VERSION = com.apple.compilers.llvm.clang.1_0;
				GCC_WARN_ABOUT_RETURN_TYPE = YES;
				GCC_WARN_UNINITIALIZED_AUTOS = YES;
				GCC_WARN_UNUSED_VARIABLE = YES;
				IPHONEOS_DEPLOYMENT_TARGET = 5.1;
				SDKROOT = iphoneos;
			};
			name = Debug;
		};
		22B200E315F6B99300394FE8 /* Release */ = {
			isa = XCBuildConfiguration;
			buildSettings = {
				ALWAYS_SEARCH_USER_PATHS = NO;
				ARCHS = "$(ARCHS_STANDARD_32_BIT)";
				CLANG_CXX_LANGUAGE_STANDARD = "gnu++0x";
				CLANG_ENABLE_OBJC_ARC = YES;
				CLANG_WARN__DUPLICATE_METHOD_MATCH = YES;
				COPY_PHASE_STRIP = YES;
				GCC_C_LANGUAGE_STANDARD = gnu99;
				GCC_VERSION = com.apple.compilers.llvm.clang.1_0;
				GCC_WARN_ABOUT_RETURN_TYPE = YES;
				GCC_WARN_UNINITIALIZED_AUTOS = YES;
				GCC_WARN_UNUSED_VARIABLE = YES;
				IPHONEOS_DEPLOYMENT_TARGET = 5.1;
				SDKROOT = iphoneos;
				VALIDATE_PRODUCT = YES;
			};
			name = Release;
		};
		22B200E515F6B99300394FE8 /* Debug */ = {
			isa = XCBuildConfiguration;
			buildSettings = {
				DSTROOT = /tmp/godmode.dst;
				GCC_PRECOMPILE_PREFIX_HEADER = YES;
				GCC_PREFIX_HEADER = godmode_Prefix.pch;
				OTHER_LDFLAGS = "-ObjC";
				PRODUCT_NAME = "$(TARGET_NAME)";
				SKIP_INSTALL = YES;
			};
			name = Debug;
		};
		22B200E615F6B99300394FE8 /* Release */ = {
			isa = XCBuildConfiguration;
			buildSettings = {
				DSTROOT = /tmp/godmode.dst;
				GCC_PRECOMPILE_PREFIX_HEADER = YES;
				GCC_PREFIX_HEADER = godmode_Prefix.pch;
				OTHER_LDFLAGS = "-ObjC";
				PRODUCT_NAME = "$(TARGET_NAME)";
				SKIP_INSTALL = YES;
			};
			name = Release;
		};
		22B200E815F6B99300394FE8 /* Debug */ = {
			isa = XCBuildConfiguration;
			buildSettings = {
				FRAMEWORK_SEARCH_PATHS = (
					"\"$(SDKROOT)/Developer/Library/Frameworks\"",
					"\"$(DEVELOPER_LIBRARY_DIR)/Frameworks\"",
				);
				GCC_PRECOMPILE_PREFIX_HEADER = YES;
				GCC_PREFIX_HEADER = godmode_Prefix.pch;
				INFOPLIST_FILE = "Tests/godmodeTests-Info.plist";
				PRODUCT_NAME = "$(TARGET_NAME)";
				WRAPPER_EXTENSION = octest;
			};
			name = Debug;
		};
		22B200E915F6B99300394FE8 /* Release */ = {
			isa = XCBuildConfiguration;
			buildSettings = {
				FRAMEWORK_SEARCH_PATHS = (
					"\"$(SDKROOT)/Developer/Library/Frameworks\"",
					"\"$(DEVELOPER_LIBRARY_DIR)/Frameworks\"",
				);
				GCC_PRECOMPILE_PREFIX_HEADER = YES;
				GCC_PREFIX_HEADER = godmode_Prefix.pch;
				INFOPLIST_FILE = "Tests/godmodeTests-Info.plist";
				PRODUCT_NAME = "$(TARGET_NAME)";
				WRAPPER_EXTENSION = octest;
			};
			name = Release;
		};
/* End XCBuildConfiguration section */

/* Begin XCConfigurationList section */
		22B200B915F6B99200394FE8 /* Build configuration list for PBXProject "godmode" */ = {
			isa = XCConfigurationList;
			buildConfigurations = (
				22B200E215F6B99300394FE8 /* Debug */,
				22B200E315F6B99300394FE8 /* Release */,
			);
			defaultConfigurationIsVisible = 0;
			defaultConfigurationName = Release;
		};
		22B200E415F6B99300394FE8 /* Build configuration list for PBXNativeTarget "godmode" */ = {
			isa = XCConfigurationList;
			buildConfigurations = (
				22B200E515F6B99300394FE8 /* Debug */,
				22B200E615F6B99300394FE8 /* Release */,
			);
			defaultConfigurationIsVisible = 0;
			defaultConfigurationName = Release;
		};
		22B200E715F6B99300394FE8 /* Build configuration list for PBXNativeTarget "godmodeTests" */ = {
			isa = XCConfigurationList;
			buildConfigurations = (
				22B200E815F6B99300394FE8 /* Debug */,
				22B200E915F6B99300394FE8 /* Release */,
			);
			defaultConfigurationIsVisible = 0;
			defaultConfigurationName = Release;
		};
/* End XCConfigurationList section */
	};
	rootObject = 22B200B615F6B99200394FE8 /* Project object */;
}
